
Microsoft Visual Studio Solution File, Format Version 11.00
# Visual Studio 2010
Project("{F184B08F-C81C-45F6-A57F-5ABD9991F28F}") = "Kochi.HMI.MainControl.Device.AST11", "Kochi.HMI.MainControl.Device.AST11\Kochi.HMI.MainControl.Device.AST11.vbproj", "{9E9CD4A8-B1C7-4532-8A2D-8EE060EB720C}"
EndProject
Project("{F184B08F-C81C-45F6-A57F-5ABD9991F28F}") = "Kochi.HMI.MainControl.Statistics.Screw", "Kochi.HMI.MainControl.Statistics.Screw\Kochi.HMI.MainControl.Statistics.Screw.vbproj", "{2E8E0469-0F83-4F73-B827-12BB4A4C41D1}"
EndProject
Project("{F184B08F-C81C-45F6-A57F-5ABD9991F28F}") = "Kochi.HMI.MainControl.Statistics.Vision", "Kochi.HMI.MainControl.Statistics.Vision\Kochi.HMI.MainControl.Statistics.Vision.vbproj", "{C79B5126-4CC3-4966-A238-93BF998283D0}"
EndProject
Project("{F184B08F-C81C-45F6-A57F-5ABD9991F28F}") = "Kochi.HMI.MainControl.Device.PKP", "Kochi.HMI.MainControl.Device.PKP\Kochi.HMI.MainControl.Device.PKP.vbproj", "{592DF85F-2375-4139-BFBC-CB2567BCCA54}"
EndProject
Project("{F184B08F-C81C-45F6-A57F-5ABD9991F28F}") = "Kochi.HMI.MainControl.Device.ScrewXY", "Kochi.HMI.MainControl.Device.ScrewXY\Kochi.HMI.MainControl.Device.ScrewXY.vbproj", "{7F16E17B-97F6-4EE8-962A-77EE595A0A0D}"
EndProject
Project("{F184B08F-C81C-45F6-A57F-5ABD9991F28F}") = "Kochi.HMI.MainControl.Action.AutoStationScrew", "Kochi.HMI.MainControl.Action.AutoStationScrew\Kochi.HMI.MainControl.Action.AutoStationScrew.vbproj", "{CB060332-1E66-4E2F-8CBF-8E88C9FE4768}"
EndProject
Project("{F184B08F-C81C-45F6-A57F-5ABD9991F28F}") = "Kochi.HMI.MainControl.Device.GapFiller", "Kochi.HMI.MainControl.Device.GapFiller\Kochi.HMI.MainControl.Device.GapFiller.vbproj", "{6FF16B99-909F-4376-AC27-A5606FCF2D09}"
EndProject
Project("{F184B08F-C81C-45F6-A57F-5ABD9991F28F}") = "Kochi.HMI.MainControl.Device.Twincat", "Kochi.HMI.MainControl.Device.Twincat\Kochi.HMI.MainControl.Device.Twincat.vbproj", "{EB15C30B-A246-4127-A07B-BE4B19CDF553}"
EndProject
Project("{F184B08F-C81C-45F6-A57F-5ABD9991F28F}") = "Kochi.HMI.MainControl.Device.LKSN", "Kochi.HMI.MainControl.Device.LKSN\Kochi.HMI.MainControl.Device.LKSN.vbproj", "{D19C659C-1FFD-47CC-9262-4C95580991F6}"
EndProject
Project("{F184B08F-C81C-45F6-A57F-5ABD9991F28F}") = "Kochi.HMI.MainControl.Device.KeyenceScanner", "Kochi.HMI.MainControl.Device.KeyenceScanner\Kochi.HMI.MainControl.Device.KeyenceScanner.vbproj", "{0DB2BB08-D3E1-494D-A5F2-D270FC6ED247}"
EndProject
Project("{F184B08F-C81C-45F6-A57F-5ABD9991F28F}") = "Kochi.HMI.MainControl.Action.ManualStationScanner", "Kochi.HMI.MainControl.Action.ManualStationScanner\Kochi.HMI.MainControl.Action.ManualStationScanner.vbproj", "{BFB5AB4B-A5BF-4BB8-947E-32BAB38179E2}"
EndProject
Project("{F184B08F-C81C-45F6-A57F-5ABD9991F28F}") = "Kochi.HMI.MainControl.Device.PKP_Z", "Kochi.HMI.MainControl.Device.PKP_Z\Kochi.HMI.MainControl.Device.PKP_Z.vbproj", "{1A9B8B9E-62F8-4E34-94DC-5BB6EF382E06}"
EndProject
Project("{F184B08F-C81C-45F6-A57F-5ABD9991F28F}") = "Kochi.HMI.MainControl.Device.ManualScanner", "Kochi.HMI.MainControl.Device.ManualScanner\Kochi.HMI.MainControl.Device.ManualScanner.vbproj", "{506CB7BC-DE51-4E5F-9855-FCFBA551084C}"
EndProject
Project("{F184B08F-C81C-45F6-A57F-5ABD9991F28F}") = "Kochi.HMI.MainControl.Action.AutoStationInSpection", "Kochi.HMI.MainControl.Action.AutoStationVision\Kochi.HMI.MainControl.Action.AutoStationInSpection.vbproj", "{38FF48CB-A702-4017-9086-1FECFAE4CE17}"
EndProject
Project("{F184B08F-C81C-45F6-A57F-5ABD9991F28F}") = "Kochi.HMI.MainControl.Action.ManualStationDoAction", "Kochi.HMI.MainControl.Action.ManualStationDoAction\Kochi.HMI.MainControl.Action.ManualStationDoAction.vbproj", "{94076A2E-993C-4866-A573-E31628E139E0}"
EndProject
Project("{F184B08F-C81C-45F6-A57F-5ABD9991F28F}") = "Kochi.HMI.MainControl.Action.ManualStationPLCDoAction", "Kochi.HMI.MainControl.Action.ManualStationPLCDoAction\Kochi.HMI.MainControl.Action.ManualStationPLCDoAction.vbproj", "{8AFE3C26-6FC8-4C71-B9D5-76BFFC22BD66}"
EndProject
Project("{F184B08F-C81C-45F6-A57F-5ABD9991F28F}") = "Kochi.HMI.MainControl.Device.ZebraPrinter", "Kochi.HMI.MainControl.Device.Printer\Kochi.HMI.MainControl.Device.ZebraPrinter.vbproj", "{6CF9C018-CD46-4400-A441-4DC50845649B}"
EndProject
Project("{F184B08F-C81C-45F6-A57F-5ABD9991F28F}") = "Kochi.HMI.MainControl.Action.ManualStationPrinter", "Kochi.HMI.MainControl.Action.ManualStationPrinter\Kochi.HMI.MainControl.Action.ManualStationPrinter.vbproj", "{A827BD21-EAD2-49ED-8CC5-7B328061960F}"
EndProject
Project("{F184B08F-C81C-45F6-A57F-5ABD9991F28F}") = "Kochi.HMI.MainControl.Statistics.GapFiller", "Kochi.HMI.MainControl.Statistics.GapFiller\Kochi.HMI.MainControl.Statistics.GapFiller.vbproj", "{D2332128-3BC5-43F2-A690-7BE18ABD99F7}"
EndProject
Project("{F184B08F-C81C-45F6-A57F-5ABD9991F28F}") = "Kochi.HMI.MainControl.Action.ManualStationScrew", "Kochi.HMI.MainControl.Action.ManualStationScrew\Kochi.HMI.MainControl.Action.ManualStationScrew.vbproj", "{3510C6B2-B1D5-4213-BA1A-C6388C40D4DE}"
EndProject
Project("{F184B08F-C81C-45F6-A57F-5ABD9991F28F}") = "Kochi.HMI.MainControl.Device.MES", "Kochi.HMI.MainControl.Device.MES\Kochi.HMI.MainControl.Device.MES.vbproj", "{D00FE9C2-54C0-4973-9A25-7DC587B1B18D}"
EndProject
Project("{F184B08F-C81C-45F6-A57F-5ABD9991F28F}") = "Kochi.HMI.MainControl.Action.MES", "Kochi.HMI.MainControl.Action.MES\Kochi.HMI.MainControl.Action.MES.vbproj", "{23754387-CC35-498B-A1A1-0D78B061820A}"
EndProject
Project("{F184B08F-C81C-45F6-A57F-5ABD9991F28F}") = "Kochi.HMI.MainControl.Device.LineControl", "Kochi.HMI.MainControl.Device.LineControl\Kochi.HMI.MainControl.Device.LineControl.vbproj", "{4B5E5E35-85DE-4269-A682-56CAD369662B}"
EndProject
Project("{F184B08F-C81C-45F6-A57F-5ABD9991F28F}") = "Kochi.HMI.MainControl.Action.LineControl", "Kochi.HMI.MainControl.Action.LineControl\Kochi.HMI.MainControl.Action.LineControl.vbproj", "{CAC18A15-B4A0-48EF-858B-8E5E4CA5D347}"
EndProject
Project("{F184B08F-C81C-45F6-A57F-5ABD9991F28F}") = "Kochi.HMI.MainControl.Device.InSpection", "Kochi.HMI.MainControl.Device.InSpection\Kochi.HMI.MainControl.Device.InSpection.vbproj", "{DD99CD98-9D78-40D5-8AB0-6C6AF671BE1B}"
EndProject
Project("{F184B08F-C81C-45F6-A57F-5ABD9991F28F}") = "Kochi.HMI.MainControl.Action.ManualStationInSpection", "Kochi.HMI.MainControl.Action.ManualStationInSpection\Kochi.HMI.MainControl.Action.ManualStationInSpection.vbproj", "{C12A8F98-BCE7-4123-98F3-7F04BFAD8394}"
EndProject
Project("{F184B08F-C81C-45F6-A57F-5ABD9991F28F}") = "Kochi.HMI.MainControl.Action.ManualStationScrewBit", "Kochi.HMI.MainControl.Action.ManualStationScrewBit\Kochi.HMI.MainControl.Action.ManualStationScrewBit.vbproj", "{AC0B9BE4-56DF-4F12-A0B5-F1D1CE9F0E7F}"
EndProject
Project("{F184B08F-C81C-45F6-A57F-5ABD9991F28F}") = "Kochi.HMI.MainControl.Device.KDX", "Kochi.HMI.MainControl.Device.KDX\Kochi.HMI.MainControl.Device.KDX.vbproj", "{49A32CF6-0767-40B6-A9CB-B0FCB558D9A8}"
EndProject
Project("{F184B08F-C81C-45F6-A57F-5ABD9991F28F}") = "Kochi.HMI.MainControl.Device.ScrewBit", "Kochi.HMI.MainControl.Device.ScrewBit\Kochi.HMI.MainControl.Device.ScrewBit.vbproj", "{8C0C2EDC-43A0-4452-91BA-A9825B1349B2}"
EndProject
Project("{F184B08F-C81C-45F6-A57F-5ABD9991F28F}") = "Kochi.HMI.MainControl.Device.StationCheck", "Kochi.HMI.MainControl.Device.StationCheck\Kochi.HMI.MainControl.Device.StationCheck.vbproj", "{C51B7083-F0CE-4D89-B9F0-8EFA01904065}"
EndProject
Project("{F184B08F-C81C-45F6-A57F-5ABD9991F28F}") = "Kochi.HMI.MainControl.Action.AutoStationScanner", "Kochi.HMI.MainControl.Action.AutoStationScanner\Kochi.HMI.MainControl.Action.AutoStationScanner.vbproj", "{5169A153-D657-41F3-AD79-6016415214FD}"
EndProject
Project("{F184B08F-C81C-45F6-A57F-5ABD9991F28F}") = "Kochi.HMI.MainControl.Action.AutoStationPLCDoAction", "Kochi.HMI.MainControl.Action.AutoStationPLCDoAction\Kochi.HMI.MainControl.Action.AutoStationPLCDoAction.vbproj", "{462C985A-0BCB-4AEB-B198-CE10A7FD4FEC}"
EndProject
Project("{F184B08F-C81C-45F6-A57F-5ABD9991F28F}") = "Kochi.HMI.MainControl.Device.CarrierManager", "Kochi.HMI.MainControl.Device.CarrierManager\Kochi.HMI.MainControl.Device.CarrierManager.vbproj", "{7261E54F-0730-4428-B119-5C05EF9D78E0}"
EndProject
Project("{F184B08F-C81C-45F6-A57F-5ABD9991F28F}") = "Kochi.HMI.MainControl.Device.ScrewFeeder", "Kochi.HMI.MainControl.Device.ScrewFeeder\Kochi.HMI.MainControl.Device.ScrewFeeder.vbproj", "{9B0F3BF6-1C35-45D5-BB84-302E2B1555A3}"
EndProject
Project("{F184B08F-C81C-45F6-A57F-5ABD9991F28F}") = "Kochi.HMI.MainControl.Device.IAI", "Kochi.HMI.MainControl.Device.IAI\Kochi.HMI.MainControl.Device.IAI.vbproj", "{9C0AD7D5-FCCB-47AA-91AB-391F63988428}"
EndProject
Project("{F184B08F-C81C-45F6-A57F-5ABD9991F28F}") = "Kochi.HMI.MainControl.Action.AutoStationGapFiller", "Kochi.HMI.MainControl.Action.AutoStationGapFiller\Kochi.HMI.MainControl.Action.AutoStationGapFiller.vbproj", "{9C68DE4D-9123-4384-8FDB-21DD0EDA174A}"
EndProject
Project("{F184B08F-C81C-45F6-A57F-5ABD9991F28F}") = "Kochi.HMI.MainControl.Action.ManualStationScrewFeeder", "Kochi.HMI.MainControl.Action.ManualStationScrewFeeder\Kochi.HMI.MainControl.Action.ManualStationScrewFeeder.vbproj", "{00EBA0C2-BF72-4657-AC50-9961D34DCD24}"
EndProject
Project("{F184B08F-C81C-45F6-A57F-5ABD9991F28F}") = "Kochi.HMI.MainControl.Action.ManualStationScrewDiscard", "Kochi.HMI.MainControl.Action.ManualStationScrewDiscard\Kochi.HMI.MainControl.Action.ManualStationScrewDiscard.vbproj", "{2BC95043-DCE5-406D-870F-56230F2F9172}"
EndProject
Project("{F184B08F-C81C-45F6-A57F-5ABD9991F28F}") = "Kochi.HMI.MainControl.Action.ManualStationScrewClean", "Kochi.HMI.MainControl.Action.ManualStationScrewClean\Kochi.HMI.MainControl.Action.ManualStationScrewClean.vbproj", "{A34EB886-B753-47D6-B135-3C9E0AF98DED}"
EndProject
Project("{F184B08F-C81C-45F6-A57F-5ABD9991F28F}") = "Kochi.HMI.MainControl.Action.ManualStationChangePage", "Kochi.HMI.MainControl.Action.ManualStationChangePage\Kochi.HMI.MainControl.Action.ManualStationChangePage.vbproj", "{373ED655-2DFF-4C74-B386-5D922113D26A}"
EndProject
Project("{F184B08F-C81C-45F6-A57F-5ABD9991F28F}") = "Kochi.HMI.MainControl.Action.ManualStationConnect", "Kochi.HMI.MainControl.Action.ManualStationConnect\Kochi.HMI.MainControl.Action.ManualStationConnect.vbproj", "{52B5E2CB-69A4-4312-99EA-5C0CABBC3648}"
EndProject
Project("{F184B08F-C81C-45F6-A57F-5ABD9991F28F}") = "Kochi.HMI.MainControl.Device.ScrewXZ", "Kochi.HMI.MainControl.Device.ScrewXZ\Kochi.HMI.MainControl.Device.ScrewXZ.vbproj", "{AAE0E98F-5BB2-4DE3-ADD3-2F84606C5899}"
EndProject
Project("{F184B08F-C81C-45F6-A57F-5ABD9991F28F}") = "Kochi.HMI.MainControl.Action.ManualStationScrewPark", "Kochi.HMI.MainControl.Action.ManualStationScrewPark\Kochi.HMI.MainControl.Action.ManualStationScrewPark.vbproj", "{53DAFF46-40F6-4AA4-98E9-93BF7AE170ED}"
EndProject
Project("{F184B08F-C81C-45F6-A57F-5ABD9991F28F}") = "Kochi.HMI.MainControl.Action.ManualConfirmInSpection", "Kochi.HMI.MainControl.Action.ManualConfirmInSpection\Kochi.HMI.MainControl.Action.ManualConfirmInSpection.vbproj", "{639A8C1E-F3F4-40B4-8A6F-F7A70358CE41}"
EndProject
Project("{F184B08F-C81C-45F6-A57F-5ABD9991F28F}") = "Kochi.HMI.MainControl.Device.Analog", "Kochi.HMI.MainControl.Device.Analog\Kochi.HMI.MainControl.Device.Analog.vbproj", "{4177D377-65CF-4A03-B5CB-8712A61DCC3B}"
EndProject
Project("{F184B08F-C81C-45F6-A57F-5ABD9991F28F}") = "Kochi.HMI.MainControl.Device.KeyenceScanner_Com", "Kochi.HMI.MainControl.Device.KeyenceScanner_Com\Kochi.HMI.MainControl.Device.KeyenceScanner_Com.vbproj", "{B2F19BEA-FCC0-4533-9C82-81FB91D45C19}"
EndProject
Project("{F184B08F-C81C-45F6-A57F-5ABD9991F28F}") = "Kochi.HMI.MainControl.Action.Jump", "Kochi.HMI.MainControl.Action.Jump\Kochi.HMI.MainControl.Action.Jump.vbproj", "{9CB0A496-0700-44BF-A3DB-BECB5C8FAF16}"
EndProject
Project("{F184B08F-C81C-45F6-A57F-5ABD9991F28F}") = "Kochi.HMI.MainControl.Device.VariantChanged", "Kochi.HMI.MainControl.Device.VariantChanged\Kochi.HMI.MainControl.Device.VariantChanged.vbproj", "{B48FF46E-F57D-4299-8D6B-DD76EBD3C01F}"
EndProject
Project("{F184B08F-C81C-45F6-A57F-5ABD9991F28F}") = "Kochi.HMI.MainControl.Device.TapeFeeder", "Kochi.HMI.MainControl.Device.TapeFeeder\Kochi.HMI.MainControl.Device.TapeFeeder.vbproj", "{B95D013E-8176-4FD7-9450-C22E72D559E0}"
EndProject
Project("{F184B08F-C81C-45F6-A57F-5ABD9991F28F}") = "Kochi.HMI.MainControl.Action.ManualStationTapeFeeder", "Kochi.HMI.MainControl.Action.ManualStationTapeFeeder\Kochi.HMI.MainControl.Action.ManualStationTapeFeeder.vbproj", "{2260B1BC-C19D-4F8E-AD23-2D86A5AB3A8E}"
EndProject
Project("{F184B08F-C81C-45F6-A57F-5ABD9991F28F}") = "Kochi.HMI.MainControl.Device.ProcessControl", "Kochi.HMI.MainControl.Device.ProcessControl\Kochi.HMI.MainControl.Device.ProcessControl.vbproj", "{2F524C0E-7AE2-4C6F-AD8B-4F8344F4C286}"
EndProject
Project("{F184B08F-C81C-45F6-A57F-5ABD9991F28F}") = "Kochi.HMI.MainControl.Action.ProcessControl", "Kochi.HMI.MainControl.Action.ProcessControl\Kochi.HMI.MainControl.Action.ProcessControl.vbproj", "{84C8358A-4A00-4288-9C54-EF9F818DB8DD}"
EndProject
Project("{F184B08F-C81C-45F6-A57F-5ABD9991F28F}") = "Kochi.HMI.MainControl.Action.CarrierManger", "Kochi.HMI.MainControl.Action.CarrierManger\Kochi.HMI.MainControl.Action.CarrierManger.vbproj", "{1D8DA838-1B9B-455B-B0E6-80BE3875A712}"
EndProject
Project("{F184B08F-C81C-45F6-A57F-5ABD9991F28F}") = "Kochi.HMI.MainControl.Device.ScrewPark", "Kochi.HMI.MainControl.Device.ScrewPark\Kochi.HMI.MainControl.Device.ScrewPark.vbproj", "{99C908E9-40DB-4CF5-8179-0DB090DA21A1}"
EndProject
Project("{F184B08F-C81C-45F6-A57F-5ABD9991F28F}") = "Kochi.HMI.MainControl.Action.ManualStationHandScrewRework", "Kochi.HMI.MainControl.Action.ManualStationHandScrewRework\Kochi.HMI.MainControl.Action.ManualStationHandScrewRework.vbproj", "{3A904880-85BC-4F6E-BE0E-A9413A6A95CC}"
EndProject
Project("{F184B08F-C81C-45F6-A57F-5ABD9991F28F}") = "Kochi.HMI.MainControl.LocalDevice", "Kochi.HMI.MainControl.LocalDevice\Kochi.HMI.MainControl.LocalDevice.vbproj", "{A8EEAC10-F17F-401E-B82D-C2495C6EB6B7}"
EndProject
Project("{F184B08F-C81C-45F6-A57F-5ABD9991F28F}") = "Kochi.HMI.MainControl.Action.CellControl", "Kochi.HMI.MainControl.Action.CellControl\Kochi.HMI.MainControl.Action.CellControl.vbproj", "{B91990F8-1767-4EC5-8409-F11E78FAC8A0}"
EndProject
Project("{F184B08F-C81C-45F6-A57F-5ABD9991F28F}") = "Kochi.HMI.MainControl.Device.CellControl", "Kochi.HMI.MainControl.Device.CellControl\Kochi.HMI.MainControl.Device.CellControl.vbproj", "{D800873E-7208-499B-8F1F-C8E66DB6FCEB}"
EndProject
Project("{F184B08F-C81C-45F6-A57F-5ABD9991F28F}") = "Kochi.HMI.MainControl.Action.ManualStationScrewConfirm", "Kochi.HMI.MainControl.Action.ManualStationScrewConfirm\Kochi.HMI.MainControl.Action.ManualStationScrewConfirm.vbproj", "{127BFF99-FA6F-4782-AF55-0DD10006EA79}"
EndProject
Project("{F184B08F-C81C-45F6-A57F-5ABD9991F28F}") = "Kochi.HMI.MainControl.Device.UpdateMessage", "Kochi.HMI.MainControl.Device.UpdateMessage\Kochi.HMI.MainControl.Device.UpdateMessage.vbproj", "{1609B1D9-C4C6-4D26-A90A-7DF63C135968}"
EndProject
Project("{F184B08F-C81C-45F6-A57F-5ABD9991F28F}") = "Kochi.HMI.MainControl.Device.AIV", "Kochi.HMI.MainControl.Device.AIV\Kochi.HMI.MainControl.Device.AIV.vbproj", "{CEA1E630-484B-4B2A-8578-1874BD559CC1}"
EndProject
Project("{F184B08F-C81C-45F6-A57F-5ABD9991F28F}") = "Kochi.HMI.MainControl.Action.VariantValue", "Kochi.HMI.MainControl.Action.VariantValue\Kochi.HMI.MainControl.Action.VariantValue.vbproj", "{520C55BB-6E2C-40E6-8393-1228F88690F3}"
EndProject
Global
	GlobalSection(SolutionConfigurationPlatforms) = preSolution
		Debug|Any CPU = Debug|Any CPU
		Debug|Mixed Platforms = Debug|Mixed Platforms
		Debug|x86 = Debug|x86
		Release|Any CPU = Release|Any CPU
		Release|Mixed Platforms = Release|Mixed Platforms
		Release|x86 = Release|x86
	EndGlobalSection
	GlobalSection(ProjectConfigurationPlatforms) = postSolution
		{9E9CD4A8-B1C7-4532-8A2D-8EE060EB720C}.Debug|Any CPU.ActiveCfg = Debug|Any CPU
		{9E9CD4A8-B1C7-4532-8A2D-8EE060EB720C}.Debug|Any CPU.Build.0 = Debug|Any CPU
		{9E9CD4A8-B1C7-4532-8A2D-8EE060EB720C}.Debug|Mixed Platforms.ActiveCfg = Debug|Any CPU
		{9E9CD4A8-B1C7-4532-8A2D-8EE060EB720C}.Debug|Mixed Platforms.Build.0 = Debug|Any CPU
		{9E9CD4A8-B1C7-4532-8A2D-8EE060EB720C}.Debug|x86.ActiveCfg = Debug|Any CPU
		{9E9CD4A8-B1C7-4532-8A2D-8EE060EB720C}.Release|Any CPU.ActiveCfg = Release|Any CPU
		{9E9CD4A8-B1C7-4532-8A2D-8EE060EB720C}.Release|Any CPU.Build.0 = Release|Any CPU
		{9E9CD4A8-B1C7-4532-8A2D-8EE060EB720C}.Release|Mixed Platforms.ActiveCfg = Release|Any CPU
		{9E9CD4A8-B1C7-4532-8A2D-8EE060EB720C}.Release|Mixed Platforms.Build.0 = Release|Any CPU
		{9E9CD4A8-B1C7-4532-8A2D-8EE060EB720C}.Release|x86.ActiveCfg = Release|Any CPU
		{2E8E0469-0F83-4F73-B827-12BB4A4C41D1}.Debug|Any CPU.ActiveCfg = Debug|Any CPU
		{2E8E0469-0F83-4F73-B827-12BB4A4C41D1}.Debug|Any CPU.Build.0 = Debug|Any CPU
		{2E8E0469-0F83-4F73-B827-12BB4A4C41D1}.Debug|Mixed Platforms.ActiveCfg = Debug|Any CPU
		{2E8E0469-0F83-4F73-B827-12BB4A4C41D1}.Debug|Mixed Platforms.Build.0 = Debug|Any CPU
		{2E8E0469-0F83-4F73-B827-12BB4A4C41D1}.Debug|x86.ActiveCfg = Debug|Any CPU
		{2E8E0469-0F83-4F73-B827-12BB4A4C41D1}.Release|Any CPU.ActiveCfg = Release|Any CPU
		{2E8E0469-0F83-4F73-B827-12BB4A4C41D1}.Release|Any CPU.Build.0 = Release|Any CPU
		{2E8E0469-0F83-4F73-B827-12BB4A4C41D1}.Release|Mixed Platforms.ActiveCfg = Release|Any CPU
		{2E8E0469-0F83-4F73-B827-12BB4A4C41D1}.Release|Mixed Platforms.Build.0 = Release|Any CPU
		{2E8E0469-0F83-4F73-B827-12BB4A4C41D1}.Release|x86.ActiveCfg = Release|Any CPU
		{C79B5126-4CC3-4966-A238-93BF998283D0}.Debug|Any CPU.ActiveCfg = Debug|Any CPU
		{C79B5126-4CC3-4966-A238-93BF998283D0}.Debug|Any CPU.Build.0 = Debug|Any CPU
		{C79B5126-4CC3-4966-A238-93BF998283D0}.Debug|Mixed Platforms.ActiveCfg = Debug|Any CPU
		{C79B5126-4CC3-4966-A238-93BF998283D0}.Debug|Mixed Platforms.Build.0 = Debug|Any CPU
		{C79B5126-4CC3-4966-A238-93BF998283D0}.Debug|x86.ActiveCfg = Debug|Any CPU
		{C79B5126-4CC3-4966-A238-93BF998283D0}.Release|Any CPU.ActiveCfg = Release|Any CPU
		{C79B5126-4CC3-4966-A238-93BF998283D0}.Release|Any CPU.Build.0 = Release|Any CPU
		{C79B5126-4CC3-4966-A238-93BF998283D0}.Release|Mixed Platforms.ActiveCfg = Release|Any CPU
		{C79B5126-4CC3-4966-A238-93BF998283D0}.Release|Mixed Platforms.Build.0 = Release|Any CPU
		{C79B5126-4CC3-4966-A238-93BF998283D0}.Release|x86.ActiveCfg = Release|Any CPU
		{592DF85F-2375-4139-BFBC-CB2567BCCA54}.Debug|Any CPU.ActiveCfg = Debug|Any CPU
		{592DF85F-2375-4139-BFBC-CB2567BCCA54}.Debug|Any CPU.Build.0 = Debug|Any CPU
		{592DF85F-2375-4139-BFBC-CB2567BCCA54}.Debug|Mixed Platforms.ActiveCfg = Debug|Any CPU
		{592DF85F-2375-4139-BFBC-CB2567BCCA54}.Debug|Mixed Platforms.Build.0 = Debug|Any CPU
		{592DF85F-2375-4139-BFBC-CB2567BCCA54}.Debug|x86.ActiveCfg = Debug|Any CPU
		{592DF85F-2375-4139-BFBC-CB2567BCCA54}.Release|Any CPU.ActiveCfg = Release|Any CPU
		{592DF85F-2375-4139-BFBC-CB2567BCCA54}.Release|Any CPU.Build.0 = Release|Any CPU
		{592DF85F-2375-4139-BFBC-CB2567BCCA54}.Release|Mixed Platforms.ActiveCfg = Release|Any CPU
		{592DF85F-2375-4139-BFBC-CB2567BCCA54}.Release|Mixed Platforms.Build.0 = Release|Any CPU
		{592DF85F-2375-4139-BFBC-CB2567BCCA54}.Release|x86.ActiveCfg = Release|Any CPU
		{7F16E17B-97F6-4EE8-962A-77EE595A0A0D}.Debug|Any CPU.ActiveCfg = Debug|Any CPU
		{7F16E17B-97F6-4EE8-962A-77EE595A0A0D}.Debug|Any CPU.Build.0 = Debug|Any CPU
		{7F16E17B-97F6-4EE8-962A-77EE595A0A0D}.Debug|Mixed Platforms.ActiveCfg = Debug|Any CPU
		{7F16E17B-97F6-4EE8-962A-77EE595A0A0D}.Debug|Mixed Platforms.Build.0 = Debug|Any CPU
		{7F16E17B-97F6-4EE8-962A-77EE595A0A0D}.Debug|x86.ActiveCfg = Debug|Any CPU
		{7F16E17B-97F6-4EE8-962A-77EE595A0A0D}.Release|Any CPU.ActiveCfg = Release|Any CPU
		{7F16E17B-97F6-4EE8-962A-77EE595A0A0D}.Release|Any CPU.Build.0 = Release|Any CPU
		{7F16E17B-97F6-4EE8-962A-77EE595A0A0D}.Release|Mixed Platforms.ActiveCfg = Release|Any CPU
		{7F16E17B-97F6-4EE8-962A-77EE595A0A0D}.Release|Mixed Platforms.Build.0 = Release|Any CPU
		{7F16E17B-97F6-4EE8-962A-77EE595A0A0D}.Release|x86.ActiveCfg = Release|Any CPU
		{CB060332-1E66-4E2F-8CBF-8E88C9FE4768}.Debug|Any CPU.ActiveCfg = Debug|Any CPU
		{CB060332-1E66-4E2F-8CBF-8E88C9FE4768}.Debug|Any CPU.Build.0 = Debug|Any CPU
		{CB060332-1E66-4E2F-8CBF-8E88C9FE4768}.Debug|Mixed Platforms.ActiveCfg = Debug|Any CPU
		{CB060332-1E66-4E2F-8CBF-8E88C9FE4768}.Debug|Mixed Platforms.Build.0 = Debug|Any CPU
		{CB060332-1E66-4E2F-8CBF-8E88C9FE4768}.Debug|x86.ActiveCfg = Debug|Any CPU
		{CB060332-1E66-4E2F-8CBF-8E88C9FE4768}.Release|Any CPU.ActiveCfg = Release|Any CPU
		{CB060332-1E66-4E2F-8CBF-8E88C9FE4768}.Release|Any CPU.Build.0 = Release|Any CPU
		{CB060332-1E66-4E2F-8CBF-8E88C9FE4768}.Release|Mixed Platforms.ActiveCfg = Release|Any CPU
		{CB060332-1E66-4E2F-8CBF-8E88C9FE4768}.Release|Mixed Platforms.Build.0 = Release|Any CPU
		{CB060332-1E66-4E2F-8CBF-8E88C9FE4768}.Release|x86.ActiveCfg = Release|Any CPU
		{6FF16B99-909F-4376-AC27-A5606FCF2D09}.Debug|Any CPU.ActiveCfg = Debug|Any CPU
		{6FF16B99-909F-4376-AC27-A5606FCF2D09}.Debug|Any CPU.Build.0 = Debug|Any CPU
		{6FF16B99-909F-4376-AC27-A5606FCF2D09}.Debug|Mixed Platforms.ActiveCfg = Debug|Any CPU
		{6FF16B99-909F-4376-AC27-A5606FCF2D09}.Debug|Mixed Platforms.Build.0 = Debug|Any CPU
		{6FF16B99-909F-4376-AC27-A5606FCF2D09}.Debug|x86.ActiveCfg = Debug|Any CPU
		{6FF16B99-909F-4376-AC27-A5606FCF2D09}.Release|Any CPU.ActiveCfg = Release|Any CPU
		{6FF16B99-909F-4376-AC27-A5606FCF2D09}.Release|Any CPU.Build.0 = Release|Any CPU
		{6FF16B99-909F-4376-AC27-A5606FCF2D09}.Release|Mixed Platforms.ActiveCfg = Release|Any CPU
		{6FF16B99-909F-4376-AC27-A5606FCF2D09}.Release|Mixed Platforms.Build.0 = Release|Any CPU
		{6FF16B99-909F-4376-AC27-A5606FCF2D09}.Release|x86.ActiveCfg = Release|Any CPU
		{EB15C30B-A246-4127-A07B-BE4B19CDF553}.Debug|Any CPU.ActiveCfg = Debug|Any CPU
		{EB15C30B-A246-4127-A07B-BE4B19CDF553}.Debug|Any CPU.Build.0 = Debug|Any CPU
		{EB15C30B-A246-4127-A07B-BE4B19CDF553}.Debug|Mixed Platforms.ActiveCfg = Debug|Any CPU
		{EB15C30B-A246-4127-A07B-BE4B19CDF553}.Debug|Mixed Platforms.Build.0 = Debug|Any CPU
		{EB15C30B-A246-4127-A07B-BE4B19CDF553}.Debug|x86.ActiveCfg = Debug|Any CPU
		{EB15C30B-A246-4127-A07B-BE4B19CDF553}.Release|Any CPU.ActiveCfg = Release|Any CPU
		{EB15C30B-A246-4127-A07B-BE4B19CDF553}.Release|Any CPU.Build.0 = Release|Any CPU
		{EB15C30B-A246-4127-A07B-BE4B19CDF553}.Release|Mixed Platforms.ActiveCfg = Release|Any CPU
		{EB15C30B-A246-4127-A07B-BE4B19CDF553}.Release|Mixed Platforms.Build.0 = Release|Any CPU
		{EB15C30B-A246-4127-A07B-BE4B19CDF553}.Release|x86.ActiveCfg = Release|Any CPU
		{D19C659C-1FFD-47CC-9262-4C95580991F6}.Debug|Any CPU.ActiveCfg = Debug|Any CPU
		{D19C659C-1FFD-47CC-9262-4C95580991F6}.Debug|Any CPU.Build.0 = Debug|Any CPU
		{D19C659C-1FFD-47CC-9262-4C95580991F6}.Debug|Mixed Platforms.ActiveCfg = Debug|Any CPU
		{D19C659C-1FFD-47CC-9262-4C95580991F6}.Debug|Mixed Platforms.Build.0 = Debug|Any CPU
		{D19C659C-1FFD-47CC-9262-4C95580991F6}.Debug|x86.ActiveCfg = Debug|Any CPU
		{D19C659C-1FFD-47CC-9262-4C95580991F6}.Release|Any CPU.ActiveCfg = Release|Any CPU
		{D19C659C-1FFD-47CC-9262-4C95580991F6}.Release|Any CPU.Build.0 = Release|Any CPU
		{D19C659C-1FFD-47CC-9262-4C95580991F6}.Release|Mixed Platforms.ActiveCfg = Release|Any CPU
		{D19C659C-1FFD-47CC-9262-4C95580991F6}.Release|Mixed Platforms.Build.0 = Release|Any CPU
		{D19C659C-1FFD-47CC-9262-4C95580991F6}.Release|x86.ActiveCfg = Release|Any CPU
		{0DB2BB08-D3E1-494D-A5F2-D270FC6ED247}.Debug|Any CPU.ActiveCfg = Debug|Any CPU
		{0DB2BB08-D3E1-494D-A5F2-D270FC6ED247}.Debug|Any CPU.Build.0 = Debug|Any CPU
		{0DB2BB08-D3E1-494D-A5F2-D270FC6ED247}.Debug|Mixed Platforms.ActiveCfg = Debug|Any CPU
		{0DB2BB08-D3E1-494D-A5F2-D270FC6ED247}.Debug|Mixed Platforms.Build.0 = Debug|Any CPU
		{0DB2BB08-D3E1-494D-A5F2-D270FC6ED247}.Debug|x86.ActiveCfg = Debug|Any CPU
		{0DB2BB08-D3E1-494D-A5F2-D270FC6ED247}.Release|Any CPU.ActiveCfg = Release|Any CPU
		{0DB2BB08-D3E1-494D-A5F2-D270FC6ED247}.Release|Any CPU.Build.0 = Release|Any CPU
		{0DB2BB08-D3E1-494D-A5F2-D270FC6ED247}.Release|Mixed Platforms.ActiveCfg = Release|Any CPU
		{0DB2BB08-D3E1-494D-A5F2-D270FC6ED247}.Release|Mixed Platforms.Build.0 = Release|Any CPU
		{0DB2BB08-D3E1-494D-A5F2-D270FC6ED247}.Release|x86.ActiveCfg = Release|Any CPU
		{BFB5AB4B-A5BF-4BB8-947E-32BAB38179E2}.Debug|Any CPU.ActiveCfg = Debug|Any CPU
		{BFB5AB4B-A5BF-4BB8-947E-32BAB38179E2}.Debug|Any CPU.Build.0 = Debug|Any CPU
		{BFB5AB4B-A5BF-4BB8-947E-32BAB38179E2}.Debug|Mixed Platforms.ActiveCfg = Debug|Any CPU
		{BFB5AB4B-A5BF-4BB8-947E-32BAB38179E2}.Debug|Mixed Platforms.Build.0 = Debug|Any CPU
		{BFB5AB4B-A5BF-4BB8-947E-32BAB38179E2}.Debug|x86.ActiveCfg = Debug|Any CPU
		{BFB5AB4B-A5BF-4BB8-947E-32BAB38179E2}.Release|Any CPU.ActiveCfg = Release|Any CPU
		{BFB5AB4B-A5BF-4BB8-947E-32BAB38179E2}.Release|Any CPU.Build.0 = Release|Any CPU
		{BFB5AB4B-A5BF-4BB8-947E-32BAB38179E2}.Release|Mixed Platforms.ActiveCfg = Release|Any CPU
		{BFB5AB4B-A5BF-4BB8-947E-32BAB38179E2}.Release|Mixed Platforms.Build.0 = Release|Any CPU
		{BFB5AB4B-A5BF-4BB8-947E-32BAB38179E2}.Release|x86.ActiveCfg = Release|Any CPU
		{1A9B8B9E-62F8-4E34-94DC-5BB6EF382E06}.Debug|Any CPU.ActiveCfg = Debug|Any CPU
		{1A9B8B9E-62F8-4E34-94DC-5BB6EF382E06}.Debug|Any CPU.Build.0 = Debug|Any CPU
		{1A9B8B9E-62F8-4E34-94DC-5BB6EF382E06}.Debug|Mixed Platforms.ActiveCfg = Debug|Any CPU
		{1A9B8B9E-62F8-4E34-94DC-5BB6EF382E06}.Debug|Mixed Platforms.Build.0 = Debug|Any CPU
		{1A9B8B9E-62F8-4E34-94DC-5BB6EF382E06}.Debug|x86.ActiveCfg = Debug|Any CPU
		{1A9B8B9E-62F8-4E34-94DC-5BB6EF382E06}.Release|Any CPU.ActiveCfg = Release|Any CPU
		{1A9B8B9E-62F8-4E34-94DC-5BB6EF382E06}.Release|Any CPU.Build.0 = Release|Any CPU
		{1A9B8B9E-62F8-4E34-94DC-5BB6EF382E06}.Release|Mixed Platforms.ActiveCfg = Release|Any CPU
		{1A9B8B9E-62F8-4E34-94DC-5BB6EF382E06}.Release|Mixed Platforms.Build.0 = Release|Any CPU
		{1A9B8B9E-62F8-4E34-94DC-5BB6EF382E06}.Release|x86.ActiveCfg = Release|Any CPU
		{506CB7BC-DE51-4E5F-9855-FCFBA551084C}.Debug|Any CPU.ActiveCfg = Debug|Any CPU
		{506CB7BC-DE51-4E5F-9855-FCFBA551084C}.Debug|Any CPU.Build.0 = Debug|Any CPU
		{506CB7BC-DE51-4E5F-9855-FCFBA551084C}.Debug|Mixed Platforms.ActiveCfg = Debug|Any CPU
		{506CB7BC-DE51-4E5F-9855-FCFBA551084C}.Debug|Mixed Platforms.Build.0 = Debug|Any CPU
		{506CB7BC-DE51-4E5F-9855-FCFBA551084C}.Debug|x86.ActiveCfg = Debug|Any CPU
		{506CB7BC-DE51-4E5F-9855-FCFBA551084C}.Release|Any CPU.ActiveCfg = Release|Any CPU
		{506CB7BC-DE51-4E5F-9855-FCFBA551084C}.Release|Any CPU.Build.0 = Release|Any CPU
		{506CB7BC-DE51-4E5F-9855-FCFBA551084C}.Release|Mixed Platforms.ActiveCfg = Release|Any CPU
		{506CB7BC-DE51-4E5F-9855-FCFBA551084C}.Release|Mixed Platforms.Build.0 = Release|Any CPU
		{506CB7BC-DE51-4E5F-9855-FCFBA551084C}.Release|x86.ActiveCfg = Release|Any CPU
		{38FF48CB-A702-4017-9086-1FECFAE4CE17}.Debug|Any CPU.ActiveCfg = Debug|Any CPU
		{38FF48CB-A702-4017-9086-1FECFAE4CE17}.Debug|Any CPU.Build.0 = Debug|Any CPU
		{38FF48CB-A702-4017-9086-1FECFAE4CE17}.Debug|Mixed Platforms.ActiveCfg = Debug|Any CPU
		{38FF48CB-A702-4017-9086-1FECFAE4CE17}.Debug|Mixed Platforms.Build.0 = Debug|Any CPU
		{38FF48CB-A702-4017-9086-1FECFAE4CE17}.Debug|x86.ActiveCfg = Debug|Any CPU
		{38FF48CB-A702-4017-9086-1FECFAE4CE17}.Release|Any CPU.ActiveCfg = Release|Any CPU
		{38FF48CB-A702-4017-9086-1FECFAE4CE17}.Release|Any CPU.Build.0 = Release|Any CPU
		{38FF48CB-A702-4017-9086-1FECFAE4CE17}.Release|Mixed Platforms.ActiveCfg = Release|Any CPU
		{38FF48CB-A702-4017-9086-1FECFAE4CE17}.Release|Mixed Platforms.Build.0 = Release|Any CPU
		{38FF48CB-A702-4017-9086-1FECFAE4CE17}.Release|x86.ActiveCfg = Release|Any CPU
		{94076A2E-993C-4866-A573-E31628E139E0}.Debug|Any CPU.ActiveCfg = Debug|Any CPU
		{94076A2E-993C-4866-A573-E31628E139E0}.Debug|Any CPU.Build.0 = Debug|Any CPU
		{94076A2E-993C-4866-A573-E31628E139E0}.Debug|Mixed Platforms.ActiveCfg = Debug|Any CPU
		{94076A2E-993C-4866-A573-E31628E139E0}.Debug|Mixed Platforms.Build.0 = Debug|Any CPU
		{94076A2E-993C-4866-A573-E31628E139E0}.Debug|x86.ActiveCfg = Debug|Any CPU
		{94076A2E-993C-4866-A573-E31628E139E0}.Release|Any CPU.ActiveCfg = Release|Any CPU
		{94076A2E-993C-4866-A573-E31628E139E0}.Release|Any CPU.Build.0 = Release|Any CPU
		{94076A2E-993C-4866-A573-E31628E139E0}.Release|Mixed Platforms.ActiveCfg = Release|Any CPU
		{94076A2E-993C-4866-A573-E31628E139E0}.Release|Mixed Platforms.Build.0 = Release|Any CPU
		{94076A2E-993C-4866-A573-E31628E139E0}.Release|x86.ActiveCfg = Release|Any CPU
		{8AFE3C26-6FC8-4C71-B9D5-76BFFC22BD66}.Debug|Any CPU.ActiveCfg = Debug|Any CPU
		{8AFE3C26-6FC8-4C71-B9D5-76BFFC22BD66}.Debug|Any CPU.Build.0 = Debug|Any CPU
		{8AFE3C26-6FC8-4C71-B9D5-76BFFC22BD66}.Debug|Mixed Platforms.ActiveCfg = Debug|Any CPU
		{8AFE3C26-6FC8-4C71-B9D5-76BFFC22BD66}.Debug|Mixed Platforms.Build.0 = Debug|Any CPU
		{8AFE3C26-6FC8-4C71-B9D5-76BFFC22BD66}.Debug|x86.ActiveCfg = Debug|Any CPU
		{8AFE3C26-6FC8-4C71-B9D5-76BFFC22BD66}.Release|Any CPU.ActiveCfg = Release|Any CPU
		{8AFE3C26-6FC8-4C71-B9D5-76BFFC22BD66}.Release|Any CPU.Build.0 = Release|Any CPU
		{8AFE3C26-6FC8-4C71-B9D5-76BFFC22BD66}.Release|Mixed Platforms.ActiveCfg = Release|Any CPU
		{8AFE3C26-6FC8-4C71-B9D5-76BFFC22BD66}.Release|Mixed Platforms.Build.0 = Release|Any CPU
		{8AFE3C26-6FC8-4C71-B9D5-76BFFC22BD66}.Release|x86.ActiveCfg = Release|Any CPU
		{6CF9C018-CD46-4400-A441-4DC50845649B}.Debug|Any CPU.ActiveCfg = Debug|Any CPU
		{6CF9C018-CD46-4400-A441-4DC50845649B}.Debug|Any CPU.Build.0 = Debug|Any CPU
		{6CF9C018-CD46-4400-A441-4DC50845649B}.Debug|Mixed Platforms.ActiveCfg = Debug|Any CPU
		{6CF9C018-CD46-4400-A441-4DC50845649B}.Debug|Mixed Platforms.Build.0 = Debug|Any CPU
		{6CF9C018-CD46-4400-A441-4DC50845649B}.Debug|x86.ActiveCfg = Debug|Any CPU
		{6CF9C018-CD46-4400-A441-4DC50845649B}.Release|Any CPU.ActiveCfg = Release|Any CPU
		{6CF9C018-CD46-4400-A441-4DC50845649B}.Release|Any CPU.Build.0 = Release|Any CPU
		{6CF9C018-CD46-4400-A441-4DC50845649B}.Release|Mixed Platforms.ActiveCfg = Release|Any CPU
		{6CF9C018-CD46-4400-A441-4DC50845649B}.Release|Mixed Platforms.Build.0 = Release|Any CPU
		{6CF9C018-CD46-4400-A441-4DC50845649B}.Release|x86.ActiveCfg = Release|Any CPU
		{A827BD21-EAD2-49ED-8CC5-7B328061960F}.Debug|Any CPU.ActiveCfg = Debug|Any CPU
		{A827BD21-EAD2-49ED-8CC5-7B328061960F}.Debug|Any CPU.Build.0 = Debug|Any CPU
		{A827BD21-EAD2-49ED-8CC5-7B328061960F}.Debug|Mixed Platforms.ActiveCfg = Debug|Any CPU
		{A827BD21-EAD2-49ED-8CC5-7B328061960F}.Debug|Mixed Platforms.Build.0 = Debug|Any CPU
		{A827BD21-EAD2-49ED-8CC5-7B328061960F}.Debug|x86.ActiveCfg = Debug|Any CPU
		{A827BD21-EAD2-49ED-8CC5-7B328061960F}.Release|Any CPU.ActiveCfg = Release|Any CPU
		{A827BD21-EAD2-49ED-8CC5-7B328061960F}.Release|Any CPU.Build.0 = Release|Any CPU
		{A827BD21-EAD2-49ED-8CC5-7B328061960F}.Release|Mixed Platforms.ActiveCfg = Release|Any CPU
		{A827BD21-EAD2-49ED-8CC5-7B328061960F}.Release|Mixed Platforms.Build.0 = Release|Any CPU
		{A827BD21-EAD2-49ED-8CC5-7B328061960F}.Release|x86.ActiveCfg = Release|Any CPU
		{D2332128-3BC5-43F2-A690-7BE18ABD99F7}.Debug|Any CPU.ActiveCfg = Debug|Any CPU
		{D2332128-3BC5-43F2-A690-7BE18ABD99F7}.Debug|Any CPU.Build.0 = Debug|Any CPU
		{D2332128-3BC5-43F2-A690-7BE18ABD99F7}.Debug|Mixed Platforms.ActiveCfg = Debug|Any CPU
		{D2332128-3BC5-43F2-A690-7BE18ABD99F7}.Debug|Mixed Platforms.Build.0 = Debug|Any CPU
		{D2332128-3BC5-43F2-A690-7BE18ABD99F7}.Debug|x86.ActiveCfg = Debug|Any CPU
		{D2332128-3BC5-43F2-A690-7BE18ABD99F7}.Release|Any CPU.ActiveCfg = Release|Any CPU
		{D2332128-3BC5-43F2-A690-7BE18ABD99F7}.Release|Any CPU.Build.0 = Release|Any CPU
		{D2332128-3BC5-43F2-A690-7BE18ABD99F7}.Release|Mixed Platforms.ActiveCfg = Release|Any CPU
		{D2332128-3BC5-43F2-A690-7BE18ABD99F7}.Release|Mixed Platforms.Build.0 = Release|Any CPU
		{D2332128-3BC5-43F2-A690-7BE18ABD99F7}.Release|x86.ActiveCfg = Release|Any CPU
		{3510C6B2-B1D5-4213-BA1A-C6388C40D4DE}.Debug|Any CPU.ActiveCfg = Debug|Any CPU
		{3510C6B2-B1D5-4213-BA1A-C6388C40D4DE}.Debug|Any CPU.Build.0 = Debug|Any CPU
		{3510C6B2-B1D5-4213-BA1A-C6388C40D4DE}.Debug|Mixed Platforms.ActiveCfg = Debug|Any CPU
		{3510C6B2-B1D5-4213-BA1A-C6388C40D4DE}.Debug|Mixed Platforms.Build.0 = Debug|Any CPU
		{3510C6B2-B1D5-4213-BA1A-C6388C40D4DE}.Debug|x86.ActiveCfg = Debug|Any CPU
		{3510C6B2-B1D5-4213-BA1A-C6388C40D4DE}.Release|Any CPU.ActiveCfg = Release|Any CPU
		{3510C6B2-B1D5-4213-BA1A-C6388C40D4DE}.Release|Any CPU.Build.0 = Release|Any CPU
		{3510C6B2-B1D5-4213-BA1A-C6388C40D4DE}.Release|Mixed Platforms.ActiveCfg = Release|Any CPU
		{3510C6B2-B1D5-4213-BA1A-C6388C40D4DE}.Release|Mixed Platforms.Build.0 = Release|Any CPU
		{3510C6B2-B1D5-4213-BA1A-C6388C40D4DE}.Release|x86.ActiveCfg = Release|Any CPU
		{D00FE9C2-54C0-4973-9A25-7DC587B1B18D}.Debug|Any CPU.ActiveCfg = Debug|Any CPU
		{D00FE9C2-54C0-4973-9A25-7DC587B1B18D}.Debug|Any CPU.Build.0 = Debug|Any CPU
		{D00FE9C2-54C0-4973-9A25-7DC587B1B18D}.Debug|Mixed Platforms.ActiveCfg = Debug|Any CPU
		{D00FE9C2-54C0-4973-9A25-7DC587B1B18D}.Debug|Mixed Platforms.Build.0 = Debug|Any CPU
		{D00FE9C2-54C0-4973-9A25-7DC587B1B18D}.Debug|x86.ActiveCfg = Debug|Any CPU
		{D00FE9C2-54C0-4973-9A25-7DC587B1B18D}.Release|Any CPU.ActiveCfg = Release|Any CPU
		{D00FE9C2-54C0-4973-9A25-7DC587B1B18D}.Release|Any CPU.Build.0 = Release|Any CPU
		{D00FE9C2-54C0-4973-9A25-7DC587B1B18D}.Release|Mixed Platforms.ActiveCfg = Release|Any CPU
		{D00FE9C2-54C0-4973-9A25-7DC587B1B18D}.Release|Mixed Platforms.Build.0 = Release|Any CPU
		{D00FE9C2-54C0-4973-9A25-7DC587B1B18D}.Release|x86.ActiveCfg = Release|Any CPU
		{23754387-CC35-498B-A1A1-0D78B061820A}.Debug|Any CPU.ActiveCfg = Debug|Any CPU
		{23754387-CC35-498B-A1A1-0D78B061820A}.Debug|Any CPU.Build.0 = Debug|Any CPU
		{23754387-CC35-498B-A1A1-0D78B061820A}.Debug|Mixed Platforms.ActiveCfg = Debug|Any CPU
		{23754387-CC35-498B-A1A1-0D78B061820A}.Debug|Mixed Platforms.Build.0 = Debug|Any CPU
		{23754387-CC35-498B-A1A1-0D78B061820A}.Debug|x86.ActiveCfg = Debug|Any CPU
		{23754387-CC35-498B-A1A1-0D78B061820A}.Release|Any CPU.ActiveCfg = Release|Any CPU
		{23754387-CC35-498B-A1A1-0D78B061820A}.Release|Any CPU.Build.0 = Release|Any CPU
		{23754387-CC35-498B-A1A1-0D78B061820A}.Release|Mixed Platforms.ActiveCfg = Release|Any CPU
		{23754387-CC35-498B-A1A1-0D78B061820A}.Release|Mixed Platforms.Build.0 = Release|Any CPU
		{23754387-CC35-498B-A1A1-0D78B061820A}.Release|x86.ActiveCfg = Release|Any CPU
		{4B5E5E35-85DE-4269-A682-56CAD369662B}.Debug|Any CPU.ActiveCfg = Debug|Any CPU
		{4B5E5E35-85DE-4269-A682-56CAD369662B}.Debug|Any CPU.Build.0 = Debug|Any CPU
		{4B5E5E35-85DE-4269-A682-56CAD369662B}.Debug|Mixed Platforms.ActiveCfg = Debug|Any CPU
		{4B5E5E35-85DE-4269-A682-56CAD369662B}.Debug|Mixed Platforms.Build.0 = Debug|Any CPU
		{4B5E5E35-85DE-4269-A682-56CAD369662B}.Debug|x86.ActiveCfg = Debug|Any CPU
		{4B5E5E35-85DE-4269-A682-56CAD369662B}.Release|Any CPU.ActiveCfg = Release|Any CPU
		{4B5E5E35-85DE-4269-A682-56CAD369662B}.Release|Any CPU.Build.0 = Release|Any CPU
		{4B5E5E35-85DE-4269-A682-56CAD369662B}.Release|Mixed Platforms.ActiveCfg = Release|Any CPU
		{4B5E5E35-85DE-4269-A682-56CAD369662B}.Release|Mixed Platforms.Build.0 = Release|Any CPU
		{4B5E5E35-85DE-4269-A682-56CAD369662B}.Release|x86.ActiveCfg = Release|Any CPU
		{CAC18A15-B4A0-48EF-858B-8E5E4CA5D347}.Debug|Any CPU.ActiveCfg = Debug|Any CPU
		{CAC18A15-B4A0-48EF-858B-8E5E4CA5D347}.Debug|Any CPU.Build.0 = Debug|Any CPU
		{CAC18A15-B4A0-48EF-858B-8E5E4CA5D347}.Debug|Mixed Platforms.ActiveCfg = Debug|Any CPU
		{CAC18A15-B4A0-48EF-858B-8E5E4CA5D347}.Debug|Mixed Platforms.Build.0 = Debug|Any CPU
		{CAC18A15-B4A0-48EF-858B-8E5E4CA5D347}.Debug|x86.ActiveCfg = Debug|Any CPU
		{CAC18A15-B4A0-48EF-858B-8E5E4CA5D347}.Release|Any CPU.ActiveCfg = Release|Any CPU
		{CAC18A15-B4A0-48EF-858B-8E5E4CA5D347}.Release|Any CPU.Build.0 = Release|Any CPU
		{CAC18A15-B4A0-48EF-858B-8E5E4CA5D347}.Release|Mixed Platforms.ActiveCfg = Release|Any CPU
		{CAC18A15-B4A0-48EF-858B-8E5E4CA5D347}.Release|Mixed Platforms.Build.0 = Release|Any CPU
		{CAC18A15-B4A0-48EF-858B-8E5E4CA5D347}.Release|x86.ActiveCfg = Release|Any CPU
		{DD99CD98-9D78-40D5-8AB0-6C6AF671BE1B}.Debug|Any CPU.ActiveCfg = Debug|Any CPU
		{DD99CD98-9D78-40D5-8AB0-6C6AF671BE1B}.Debug|Any CPU.Build.0 = Debug|Any CPU
		{DD99CD98-9D78-40D5-8AB0-6C6AF671BE1B}.Debug|Mixed Platforms.ActiveCfg = Debug|Any CPU
		{DD99CD98-9D78-40D5-8AB0-6C6AF671BE1B}.Debug|Mixed Platforms.Build.0 = Debug|Any CPU
		{DD99CD98-9D78-40D5-8AB0-6C6AF671BE1B}.Debug|x86.ActiveCfg = Debug|Any CPU
		{DD99CD98-9D78-40D5-8AB0-6C6AF671BE1B}.Release|Any CPU.ActiveCfg = Release|Any CPU
		{DD99CD98-9D78-40D5-8AB0-6C6AF671BE1B}.Release|Any CPU.Build.0 = Release|Any CPU
		{DD99CD98-9D78-40D5-8AB0-6C6AF671BE1B}.Release|Mixed Platforms.ActiveCfg = Release|Any CPU
		{DD99CD98-9D78-40D5-8AB0-6C6AF671BE1B}.Release|Mixed Platforms.Build.0 = Release|Any CPU
		{DD99CD98-9D78-40D5-8AB0-6C6AF671BE1B}.Release|x86.ActiveCfg = Release|Any CPU
		{C12A8F98-BCE7-4123-98F3-7F04BFAD8394}.Debug|Any CPU.ActiveCfg = Debug|Any CPU
		{C12A8F98-BCE7-4123-98F3-7F04BFAD8394}.Debug|Any CPU.Build.0 = Debug|Any CPU
		{C12A8F98-BCE7-4123-98F3-7F04BFAD8394}.Debug|Mixed Platforms.ActiveCfg = Debug|Any CPU
		{C12A8F98-BCE7-4123-98F3-7F04BFAD8394}.Debug|Mixed Platforms.Build.0 = Debug|Any CPU
		{C12A8F98-BCE7-4123-98F3-7F04BFAD8394}.Debug|x86.ActiveCfg = Debug|Any CPU
		{C12A8F98-BCE7-4123-98F3-7F04BFAD8394}.Release|Any CPU.ActiveCfg = Release|Any CPU
		{C12A8F98-BCE7-4123-98F3-7F04BFAD8394}.Release|Any CPU.Build.0 = Release|Any CPU
		{C12A8F98-BCE7-4123-98F3-7F04BFAD8394}.Release|Mixed Platforms.ActiveCfg = Release|Any CPU
		{C12A8F98-BCE7-4123-98F3-7F04BFAD8394}.Release|Mixed Platforms.Build.0 = Release|Any CPU
		{C12A8F98-BCE7-4123-98F3-7F04BFAD8394}.Release|x86.ActiveCfg = Release|Any CPU
		{AC0B9BE4-56DF-4F12-A0B5-F1D1CE9F0E7F}.Debug|Any CPU.ActiveCfg = Debug|Any CPU
		{AC0B9BE4-56DF-4F12-A0B5-F1D1CE9F0E7F}.Debug|Any CPU.Build.0 = Debug|Any CPU
		{AC0B9BE4-56DF-4F12-A0B5-F1D1CE9F0E7F}.Debug|Mixed Platforms.ActiveCfg = Debug|Any CPU
		{AC0B9BE4-56DF-4F12-A0B5-F1D1CE9F0E7F}.Debug|Mixed Platforms.Build.0 = Debug|Any CPU
		{AC0B9BE4-56DF-4F12-A0B5-F1D1CE9F0E7F}.Debug|x86.ActiveCfg = Debug|Any CPU
		{AC0B9BE4-56DF-4F12-A0B5-F1D1CE9F0E7F}.Release|Any CPU.ActiveCfg = Release|Any CPU
		{AC0B9BE4-56DF-4F12-A0B5-F1D1CE9F0E7F}.Release|Any CPU.Build.0 = Release|Any CPU
		{AC0B9BE4-56DF-4F12-A0B5-F1D1CE9F0E7F}.Release|Mixed Platforms.ActiveCfg = Release|Any CPU
		{AC0B9BE4-56DF-4F12-A0B5-F1D1CE9F0E7F}.Release|Mixed Platforms.Build.0 = Release|Any CPU
		{AC0B9BE4-56DF-4F12-A0B5-F1D1CE9F0E7F}.Release|x86.ActiveCfg = Release|Any CPU
		{49A32CF6-0767-40B6-A9CB-B0FCB558D9A8}.Debug|Any CPU.ActiveCfg = Debug|Any CPU
		{49A32CF6-0767-40B6-A9CB-B0FCB558D9A8}.Debug|Any CPU.Build.0 = Debug|Any CPU
		{49A32CF6-0767-40B6-A9CB-B0FCB558D9A8}.Debug|Mixed Platforms.ActiveCfg = Debug|Any CPU
		{49A32CF6-0767-40B6-A9CB-B0FCB558D9A8}.Debug|Mixed Platforms.Build.0 = Debug|Any CPU
		{49A32CF6-0767-40B6-A9CB-B0FCB558D9A8}.Debug|x86.ActiveCfg = Debug|Any CPU
		{49A32CF6-0767-40B6-A9CB-B0FCB558D9A8}.Release|Any CPU.ActiveCfg = Release|Any CPU
		{49A32CF6-0767-40B6-A9CB-B0FCB558D9A8}.Release|Any CPU.Build.0 = Release|Any CPU
		{49A32CF6-0767-40B6-A9CB-B0FCB558D9A8}.Release|Mixed Platforms.ActiveCfg = Release|Any CPU
		{49A32CF6-0767-40B6-A9CB-B0FCB558D9A8}.Release|Mixed Platforms.Build.0 = Release|Any CPU
		{49A32CF6-0767-40B6-A9CB-B0FCB558D9A8}.Release|x86.ActiveCfg = Release|Any CPU
		{8C0C2EDC-43A0-4452-91BA-A9825B1349B2}.Debug|Any CPU.ActiveCfg = Debug|Any CPU
		{8C0C2EDC-43A0-4452-91BA-A9825B1349B2}.Debug|Any CPU.Build.0 = Debug|Any CPU
		{8C0C2EDC-43A0-4452-91BA-A9825B1349B2}.Debug|Mixed Platforms.ActiveCfg = Debug|Any CPU
		{8C0C2EDC-43A0-4452-91BA-A9825B1349B2}.Debug|Mixed Platforms.Build.0 = Debug|Any CPU
		{8C0C2EDC-43A0-4452-91BA-A9825B1349B2}.Debug|x86.ActiveCfg = Debug|Any CPU
		{8C0C2EDC-43A0-4452-91BA-A9825B1349B2}.Release|Any CPU.ActiveCfg = Release|Any CPU
		{8C0C2EDC-43A0-4452-91BA-A9825B1349B2}.Release|Any CPU.Build.0 = Release|Any CPU
		{8C0C2EDC-43A0-4452-91BA-A9825B1349B2}.Release|Mixed Platforms.ActiveCfg = Release|Any CPU
		{8C0C2EDC-43A0-4452-91BA-A9825B1349B2}.Release|Mixed Platforms.Build.0 = Release|Any CPU
		{8C0C2EDC-43A0-4452-91BA-A9825B1349B2}.Release|x86.ActiveCfg = Release|Any CPU
		{C51B7083-F0CE-4D89-B9F0-8EFA01904065}.Debug|Any CPU.ActiveCfg = Debug|Any CPU
		{C51B7083-F0CE-4D89-B9F0-8EFA01904065}.Debug|Any CPU.Build.0 = Debug|Any CPU
		{C51B7083-F0CE-4D89-B9F0-8EFA01904065}.Debug|Mixed Platforms.ActiveCfg = Debug|Any CPU
		{C51B7083-F0CE-4D89-B9F0-8EFA01904065}.Debug|Mixed Platforms.Build.0 = Debug|Any CPU
		{C51B7083-F0CE-4D89-B9F0-8EFA01904065}.Debug|x86.ActiveCfg = Debug|Any CPU
		{C51B7083-F0CE-4D89-B9F0-8EFA01904065}.Release|Any CPU.ActiveCfg = Release|Any CPU
		{C51B7083-F0CE-4D89-B9F0-8EFA01904065}.Release|Any CPU.Build.0 = Release|Any CPU
		{C51B7083-F0CE-4D89-B9F0-8EFA01904065}.Release|Mixed Platforms.ActiveCfg = Release|Any CPU
		{C51B7083-F0CE-4D89-B9F0-8EFA01904065}.Release|Mixed Platforms.Build.0 = Release|Any CPU
		{C51B7083-F0CE-4D89-B9F0-8EFA01904065}.Release|x86.ActiveCfg = Release|Any CPU
		{5169A153-D657-41F3-AD79-6016415214FD}.Debug|Any CPU.ActiveCfg = Debug|Any CPU
		{5169A153-D657-41F3-AD79-6016415214FD}.Debug|Any CPU.Build.0 = Debug|Any CPU
		{5169A153-D657-41F3-AD79-6016415214FD}.Debug|Mixed Platforms.ActiveCfg = Debug|Any CPU
		{5169A153-D657-41F3-AD79-6016415214FD}.Debug|Mixed Platforms.Build.0 = Debug|Any CPU
		{5169A153-D657-41F3-AD79-6016415214FD}.Debug|x86.ActiveCfg = Debug|Any CPU
		{5169A153-D657-41F3-AD79-6016415214FD}.Release|Any CPU.ActiveCfg = Release|Any CPU
		{5169A153-D657-41F3-AD79-6016415214FD}.Release|Any CPU.Build.0 = Release|Any CPU
		{5169A153-D657-41F3-AD79-6016415214FD}.Release|Mixed Platforms.ActiveCfg = Release|Any CPU
		{5169A153-D657-41F3-AD79-6016415214FD}.Release|Mixed Platforms.Build.0 = Release|Any CPU
		{5169A153-D657-41F3-AD79-6016415214FD}.Release|x86.ActiveCfg = Release|Any CPU
		{462C985A-0BCB-4AEB-B198-CE10A7FD4FEC}.Debug|Any CPU.ActiveCfg = Debug|Any CPU
		{462C985A-0BCB-4AEB-B198-CE10A7FD4FEC}.Debug|Any CPU.Build.0 = Debug|Any CPU
		{462C985A-0BCB-4AEB-B198-CE10A7FD4FEC}.Debug|Mixed Platforms.ActiveCfg = Debug|Any CPU
		{462C985A-0BCB-4AEB-B198-CE10A7FD4FEC}.Debug|Mixed Platforms.Build.0 = Debug|Any CPU
		{462C985A-0BCB-4AEB-B198-CE10A7FD4FEC}.Debug|x86.ActiveCfg = Debug|Any CPU
		{462C985A-0BCB-4AEB-B198-CE10A7FD4FEC}.Release|Any CPU.ActiveCfg = Release|Any CPU
		{462C985A-0BCB-4AEB-B198-CE10A7FD4FEC}.Release|Any CPU.Build.0 = Release|Any CPU
		{462C985A-0BCB-4AEB-B198-CE10A7FD4FEC}.Release|Mixed Platforms.ActiveCfg = Release|Any CPU
		{462C985A-0BCB-4AEB-B198-CE10A7FD4FEC}.Release|Mixed Platforms.Build.0 = Release|Any CPU
		{462C985A-0BCB-4AEB-B198-CE10A7FD4FEC}.Release|x86.ActiveCfg = Release|Any CPU
		{7261E54F-0730-4428-B119-5C05EF9D78E0}.Debug|Any CPU.ActiveCfg = Debug|Any CPU
		{7261E54F-0730-4428-B119-5C05EF9D78E0}.Debug|Any CPU.Build.0 = Debug|Any CPU
		{7261E54F-0730-4428-B119-5C05EF9D78E0}.Debug|Mixed Platforms.ActiveCfg = Debug|Any CPU
		{7261E54F-0730-4428-B119-5C05EF9D78E0}.Debug|Mixed Platforms.Build.0 = Debug|Any CPU
		{7261E54F-0730-4428-B119-5C05EF9D78E0}.Debug|x86.ActiveCfg = Debug|Any CPU
		{7261E54F-0730-4428-B119-5C05EF9D78E0}.Release|Any CPU.ActiveCfg = Release|Any CPU
		{7261E54F-0730-4428-B119-5C05EF9D78E0}.Release|Any CPU.Build.0 = Release|Any CPU
		{7261E54F-0730-4428-B119-5C05EF9D78E0}.Release|Mixed Platforms.ActiveCfg = Release|Any CPU
		{7261E54F-0730-4428-B119-5C05EF9D78E0}.Release|Mixed Platforms.Build.0 = Release|Any CPU
		{7261E54F-0730-4428-B119-5C05EF9D78E0}.Release|x86.ActiveCfg = Release|Any CPU
		{9B0F3BF6-1C35-45D5-BB84-302E2B1555A3}.Debug|Any CPU.ActiveCfg = Debug|Any CPU
		{9B0F3BF6-1C35-45D5-BB84-302E2B1555A3}.Debug|Any CPU.Build.0 = Debug|Any CPU
		{9B0F3BF6-1C35-45D5-BB84-302E2B1555A3}.Debug|Mixed Platforms.ActiveCfg = Debug|Any CPU
		{9B0F3BF6-1C35-45D5-BB84-302E2B1555A3}.Debug|Mixed Platforms.Build.0 = Debug|Any CPU
		{9B0F3BF6-1C35-45D5-BB84-302E2B1555A3}.Debug|x86.ActiveCfg = Debug|Any CPU
		{9B0F3BF6-1C35-45D5-BB84-302E2B1555A3}.Release|Any CPU.ActiveCfg = Release|Any CPU
		{9B0F3BF6-1C35-45D5-BB84-302E2B1555A3}.Release|Any CPU.Build.0 = Release|Any CPU
		{9B0F3BF6-1C35-45D5-BB84-302E2B1555A3}.Release|Mixed Platforms.ActiveCfg = Release|Any CPU
		{9B0F3BF6-1C35-45D5-BB84-302E2B1555A3}.Release|Mixed Platforms.Build.0 = Release|Any CPU
		{9B0F3BF6-1C35-45D5-BB84-302E2B1555A3}.Release|x86.ActiveCfg = Release|Any CPU
		{9C0AD7D5-FCCB-47AA-91AB-391F63988428}.Debug|Any CPU.ActiveCfg = Debug|Any CPU
		{9C0AD7D5-FCCB-47AA-91AB-391F63988428}.Debug|Any CPU.Build.0 = Debug|Any CPU
		{9C0AD7D5-FCCB-47AA-91AB-391F63988428}.Debug|Mixed Platforms.ActiveCfg = Debug|Any CPU
		{9C0AD7D5-FCCB-47AA-91AB-391F63988428}.Debug|Mixed Platforms.Build.0 = Debug|Any CPU
		{9C0AD7D5-FCCB-47AA-91AB-391F63988428}.Debug|x86.ActiveCfg = Debug|Any CPU
		{9C0AD7D5-FCCB-47AA-91AB-391F63988428}.Release|Any CPU.ActiveCfg = Release|Any CPU
		{9C0AD7D5-FCCB-47AA-91AB-391F63988428}.Release|Any CPU.Build.0 = Release|Any CPU
		{9C0AD7D5-FCCB-47AA-91AB-391F63988428}.Release|Mixed Platforms.ActiveCfg = Release|Any CPU
		{9C0AD7D5-FCCB-47AA-91AB-391F63988428}.Release|Mixed Platforms.Build.0 = Release|Any CPU
		{9C0AD7D5-FCCB-47AA-91AB-391F63988428}.Release|x86.ActiveCfg = Release|Any CPU
		{9C68DE4D-9123-4384-8FDB-21DD0EDA174A}.Debug|Any CPU.ActiveCfg = Debug|Any CPU
		{9C68DE4D-9123-4384-8FDB-21DD0EDA174A}.Debug|Any CPU.Build.0 = Debug|Any CPU
		{9C68DE4D-9123-4384-8FDB-21DD0EDA174A}.Debug|Mixed Platforms.ActiveCfg = Debug|Any CPU
		{9C68DE4D-9123-4384-8FDB-21DD0EDA174A}.Debug|Mixed Platforms.Build.0 = Debug|Any CPU
		{9C68DE4D-9123-4384-8FDB-21DD0EDA174A}.Debug|x86.ActiveCfg = Debug|Any CPU
		{9C68DE4D-9123-4384-8FDB-21DD0EDA174A}.Release|Any CPU.ActiveCfg = Release|Any CPU
		{9C68DE4D-9123-4384-8FDB-21DD0EDA174A}.Release|Any CPU.Build.0 = Release|Any CPU
		{9C68DE4D-9123-4384-8FDB-21DD0EDA174A}.Release|Mixed Platforms.ActiveCfg = Release|Any CPU
		{9C68DE4D-9123-4384-8FDB-21DD0EDA174A}.Release|Mixed Platforms.Build.0 = Release|Any CPU
		{9C68DE4D-9123-4384-8FDB-21DD0EDA174A}.Release|x86.ActiveCfg = Release|Any CPU
		{00EBA0C2-BF72-4657-AC50-9961D34DCD24}.Debug|Any CPU.ActiveCfg = Debug|Any CPU
		{00EBA0C2-BF72-4657-AC50-9961D34DCD24}.Debug|Any CPU.Build.0 = Debug|Any CPU
		{00EBA0C2-BF72-4657-AC50-9961D34DCD24}.Debug|Mixed Platforms.ActiveCfg = Debug|Any CPU
		{00EBA0C2-BF72-4657-AC50-9961D34DCD24}.Debug|Mixed Platforms.Build.0 = Debug|Any CPU
		{00EBA0C2-BF72-4657-AC50-9961D34DCD24}.Debug|x86.ActiveCfg = Debug|Any CPU
		{00EBA0C2-BF72-4657-AC50-9961D34DCD24}.Release|Any CPU.ActiveCfg = Release|Any CPU
		{00EBA0C2-BF72-4657-AC50-9961D34DCD24}.Release|Any CPU.Build.0 = Release|Any CPU
		{00EBA0C2-BF72-4657-AC50-9961D34DCD24}.Release|Mixed Platforms.ActiveCfg = Release|Any CPU
		{00EBA0C2-BF72-4657-AC50-9961D34DCD24}.Release|Mixed Platforms.Build.0 = Release|Any CPU
		{00EBA0C2-BF72-4657-AC50-9961D34DCD24}.Release|x86.ActiveCfg = Release|Any CPU
		{2BC95043-DCE5-406D-870F-56230F2F9172}.Debug|Any CPU.ActiveCfg = Debug|Any CPU
		{2BC95043-DCE5-406D-870F-56230F2F9172}.Debug|Any CPU.Build.0 = Debug|Any CPU
		{2BC95043-DCE5-406D-870F-56230F2F9172}.Debug|Mixed Platforms.ActiveCfg = Debug|Any CPU
		{2BC95043-DCE5-406D-870F-56230F2F9172}.Debug|Mixed Platforms.Build.0 = Debug|Any CPU
		{2BC95043-DCE5-406D-870F-56230F2F9172}.Debug|x86.ActiveCfg = Debug|Any CPU
		{2BC95043-DCE5-406D-870F-56230F2F9172}.Release|Any CPU.ActiveCfg = Release|Any CPU
		{2BC95043-DCE5-406D-870F-56230F2F9172}.Release|Any CPU.Build.0 = Release|Any CPU
		{2BC95043-DCE5-406D-870F-56230F2F9172}.Release|Mixed Platforms.ActiveCfg = Release|Any CPU
		{2BC95043-DCE5-406D-870F-56230F2F9172}.Release|Mixed Platforms.Build.0 = Release|Any CPU
		{2BC95043-DCE5-406D-870F-56230F2F9172}.Release|x86.ActiveCfg = Release|Any CPU
		{A34EB886-B753-47D6-B135-3C9E0AF98DED}.Debug|Any CPU.ActiveCfg = Debug|Any CPU
		{A34EB886-B753-47D6-B135-3C9E0AF98DED}.Debug|Any CPU.Build.0 = Debug|Any CPU
		{A34EB886-B753-47D6-B135-3C9E0AF98DED}.Debug|Mixed Platforms.ActiveCfg = Debug|Any CPU
		{A34EB886-B753-47D6-B135-3C9E0AF98DED}.Debug|Mixed Platforms.Build.0 = Debug|Any CPU
		{A34EB886-B753-47D6-B135-3C9E0AF98DED}.Debug|x86.ActiveCfg = Debug|Any CPU
		{A34EB886-B753-47D6-B135-3C9E0AF98DED}.Release|Any CPU.ActiveCfg = Release|Any CPU
		{A34EB886-B753-47D6-B135-3C9E0AF98DED}.Release|Any CPU.Build.0 = Release|Any CPU
		{A34EB886-B753-47D6-B135-3C9E0AF98DED}.Release|Mixed Platforms.ActiveCfg = Release|Any CPU
		{A34EB886-B753-47D6-B135-3C9E0AF98DED}.Release|Mixed Platforms.Build.0 = Release|Any CPU
		{A34EB886-B753-47D6-B135-3C9E0AF98DED}.Release|x86.ActiveCfg = Release|Any CPU
		{373ED655-2DFF-4C74-B386-5D922113D26A}.Debug|Any CPU.ActiveCfg = Debug|Any CPU
		{373ED655-2DFF-4C74-B386-5D922113D26A}.Debug|Any CPU.Build.0 = Debug|Any CPU
		{373ED655-2DFF-4C74-B386-5D922113D26A}.Debug|Mixed Platforms.ActiveCfg = Debug|Any CPU
		{373ED655-2DFF-4C74-B386-5D922113D26A}.Debug|Mixed Platforms.Build.0 = Debug|Any CPU
		{373ED655-2DFF-4C74-B386-5D922113D26A}.Debug|x86.ActiveCfg = Debug|Any CPU
		{373ED655-2DFF-4C74-B386-5D922113D26A}.Release|Any CPU.ActiveCfg = Release|Any CPU
		{373ED655-2DFF-4C74-B386-5D922113D26A}.Release|Any CPU.Build.0 = Release|Any CPU
		{373ED655-2DFF-4C74-B386-5D922113D26A}.Release|Mixed Platforms.ActiveCfg = Release|Any CPU
		{373ED655-2DFF-4C74-B386-5D922113D26A}.Release|Mixed Platforms.Build.0 = Release|Any CPU
		{373ED655-2DFF-4C74-B386-5D922113D26A}.Release|x86.ActiveCfg = Release|Any CPU
		{52B5E2CB-69A4-4312-99EA-5C0CABBC3648}.Debug|Any CPU.ActiveCfg = Debug|Any CPU
		{52B5E2CB-69A4-4312-99EA-5C0CABBC3648}.Debug|Any CPU.Build.0 = Debug|Any CPU
		{52B5E2CB-69A4-4312-99EA-5C0CABBC3648}.Debug|Mixed Platforms.ActiveCfg = Debug|Any CPU
		{52B5E2CB-69A4-4312-99EA-5C0CABBC3648}.Debug|Mixed Platforms.Build.0 = Debug|Any CPU
		{52B5E2CB-69A4-4312-99EA-5C0CABBC3648}.Debug|x86.ActiveCfg = Debug|Any CPU
		{52B5E2CB-69A4-4312-99EA-5C0CABBC3648}.Release|Any CPU.ActiveCfg = Release|Any CPU
		{52B5E2CB-69A4-4312-99EA-5C0CABBC3648}.Release|Any CPU.Build.0 = Release|Any CPU
		{52B5E2CB-69A4-4312-99EA-5C0CABBC3648}.Release|Mixed Platforms.ActiveCfg = Release|Any CPU
		{52B5E2CB-69A4-4312-99EA-5C0CABBC3648}.Release|Mixed Platforms.Build.0 = Release|Any CPU
		{52B5E2CB-69A4-4312-99EA-5C0CABBC3648}.Release|x86.ActiveCfg = Release|Any CPU
		{AAE0E98F-5BB2-4DE3-ADD3-2F84606C5899}.Debug|Any CPU.ActiveCfg = Debug|Any CPU
		{AAE0E98F-5BB2-4DE3-ADD3-2F84606C5899}.Debug|Any CPU.Build.0 = Debug|Any CPU
		{AAE0E98F-5BB2-4DE3-ADD3-2F84606C5899}.Debug|Mixed Platforms.ActiveCfg = Debug|Any CPU
		{AAE0E98F-5BB2-4DE3-ADD3-2F84606C5899}.Debug|Mixed Platforms.Build.0 = Debug|Any CPU
		{AAE0E98F-5BB2-4DE3-ADD3-2F84606C5899}.Debug|x86.ActiveCfg = Debug|Any CPU
		{AAE0E98F-5BB2-4DE3-ADD3-2F84606C5899}.Release|Any CPU.ActiveCfg = Release|Any CPU
		{AAE0E98F-5BB2-4DE3-ADD3-2F84606C5899}.Release|Any CPU.Build.0 = Release|Any CPU
		{AAE0E98F-5BB2-4DE3-ADD3-2F84606C5899}.Release|Mixed Platforms.ActiveCfg = Release|Any CPU
		{AAE0E98F-5BB2-4DE3-ADD3-2F84606C5899}.Release|Mixed Platforms.Build.0 = Release|Any CPU
		{AAE0E98F-5BB2-4DE3-ADD3-2F84606C5899}.Release|x86.ActiveCfg = Release|Any CPU
		{53DAFF46-40F6-4AA4-98E9-93BF7AE170ED}.Debug|Any CPU.ActiveCfg = Debug|Any CPU
		{53DAFF46-40F6-4AA4-98E9-93BF7AE170ED}.Debug|Any CPU.Build.0 = Debug|Any CPU
		{53DAFF46-40F6-4AA4-98E9-93BF7AE170ED}.Debug|Mixed Platforms.ActiveCfg = Debug|Any CPU
		{53DAFF46-40F6-4AA4-98E9-93BF7AE170ED}.Debug|Mixed Platforms.Build.0 = Debug|Any CPU
		{53DAFF46-40F6-4AA4-98E9-93BF7AE170ED}.Debug|x86.ActiveCfg = Debug|Any CPU
		{53DAFF46-40F6-4AA4-98E9-93BF7AE170ED}.Release|Any CPU.ActiveCfg = Release|Any CPU
		{53DAFF46-40F6-4AA4-98E9-93BF7AE170ED}.Release|Any CPU.Build.0 = Release|Any CPU
		{53DAFF46-40F6-4AA4-98E9-93BF7AE170ED}.Release|Mixed Platforms.ActiveCfg = Release|Any CPU
		{53DAFF46-40F6-4AA4-98E9-93BF7AE170ED}.Release|Mixed Platforms.Build.0 = Release|Any CPU
		{53DAFF46-40F6-4AA4-98E9-93BF7AE170ED}.Release|x86.ActiveCfg = Release|Any CPU
		{639A8C1E-F3F4-40B4-8A6F-F7A70358CE41}.Debug|Any CPU.ActiveCfg = Debug|Any CPU
		{639A8C1E-F3F4-40B4-8A6F-F7A70358CE41}.Debug|Any CPU.Build.0 = Debug|Any CPU
		{639A8C1E-F3F4-40B4-8A6F-F7A70358CE41}.Debug|Mixed Platforms.ActiveCfg = Debug|Any CPU
		{639A8C1E-F3F4-40B4-8A6F-F7A70358CE41}.Debug|Mixed Platforms.Build.0 = Debug|Any CPU
		{639A8C1E-F3F4-40B4-8A6F-F7A70358CE41}.Debug|x86.ActiveCfg = Debug|Any CPU
		{639A8C1E-F3F4-40B4-8A6F-F7A70358CE41}.Release|Any CPU.ActiveCfg = Release|Any CPU
		{639A8C1E-F3F4-40B4-8A6F-F7A70358CE41}.Release|Any CPU.Build.0 = Release|Any CPU
		{639A8C1E-F3F4-40B4-8A6F-F7A70358CE41}.Release|Mixed Platforms.ActiveCfg = Release|Any CPU
		{639A8C1E-F3F4-40B4-8A6F-F7A70358CE41}.Release|Mixed Platforms.Build.0 = Release|Any CPU
		{639A8C1E-F3F4-40B4-8A6F-F7A70358CE41}.Release|x86.ActiveCfg = Release|Any CPU
		{4177D377-65CF-4A03-B5CB-8712A61DCC3B}.Debug|Any CPU.ActiveCfg = Debug|Any CPU
		{4177D377-65CF-4A03-B5CB-8712A61DCC3B}.Debug|Any CPU.Build.0 = Debug|Any CPU
		{4177D377-65CF-4A03-B5CB-8712A61DCC3B}.Debug|Mixed Platforms.ActiveCfg = Debug|Any CPU
		{4177D377-65CF-4A03-B5CB-8712A61DCC3B}.Debug|Mixed Platforms.Build.0 = Debug|Any CPU
		{4177D377-65CF-4A03-B5CB-8712A61DCC3B}.Debug|x86.ActiveCfg = Debug|Any CPU
		{4177D377-65CF-4A03-B5CB-8712A61DCC3B}.Release|Any CPU.ActiveCfg = Release|Any CPU
		{4177D377-65CF-4A03-B5CB-8712A61DCC3B}.Release|Any CPU.Build.0 = Release|Any CPU
		{4177D377-65CF-4A03-B5CB-8712A61DCC3B}.Release|Mixed Platforms.ActiveCfg = Release|Any CPU
		{4177D377-65CF-4A03-B5CB-8712A61DCC3B}.Release|Mixed Platforms.Build.0 = Release|Any CPU
		{4177D377-65CF-4A03-B5CB-8712A61DCC3B}.Release|x86.ActiveCfg = Release|Any CPU
		{B2F19BEA-FCC0-4533-9C82-81FB91D45C19}.Debug|Any CPU.ActiveCfg = Debug|Any CPU
		{B2F19BEA-FCC0-4533-9C82-81FB91D45C19}.Debug|Any CPU.Build.0 = Debug|Any CPU
		{B2F19BEA-FCC0-4533-9C82-81FB91D45C19}.Debug|Mixed Platforms.ActiveCfg = Debug|Any CPU
		{B2F19BEA-FCC0-4533-9C82-81FB91D45C19}.Debug|Mixed Platforms.Build.0 = Debug|Any CPU
		{B2F19BEA-FCC0-4533-9C82-81FB91D45C19}.Debug|x86.ActiveCfg = Debug|Any CPU
		{B2F19BEA-FCC0-4533-9C82-81FB91D45C19}.Release|Any CPU.ActiveCfg = Release|Any CPU
		{B2F19BEA-FCC0-4533-9C82-81FB91D45C19}.Release|Any CPU.Build.0 = Release|Any CPU
		{B2F19BEA-FCC0-4533-9C82-81FB91D45C19}.Release|Mixed Platforms.ActiveCfg = Release|Any CPU
		{B2F19BEA-FCC0-4533-9C82-81FB91D45C19}.Release|Mixed Platforms.Build.0 = Release|Any CPU
		{B2F19BEA-FCC0-4533-9C82-81FB91D45C19}.Release|x86.ActiveCfg = Release|Any CPU
		{9CB0A496-0700-44BF-A3DB-BECB5C8FAF16}.Debug|Any CPU.ActiveCfg = Debug|Any CPU
		{9CB0A496-0700-44BF-A3DB-BECB5C8FAF16}.Debug|Any CPU.Build.0 = Debug|Any CPU
		{9CB0A496-0700-44BF-A3DB-BECB5C8FAF16}.Debug|Mixed Platforms.ActiveCfg = Debug|Any CPU
		{9CB0A496-0700-44BF-A3DB-BECB5C8FAF16}.Debug|Mixed Platforms.Build.0 = Debug|Any CPU
		{9CB0A496-0700-44BF-A3DB-BECB5C8FAF16}.Debug|x86.ActiveCfg = Debug|Any CPU
		{9CB0A496-0700-44BF-A3DB-BECB5C8FAF16}.Release|Any CPU.ActiveCfg = Release|Any CPU
		{9CB0A496-0700-44BF-A3DB-BECB5C8FAF16}.Release|Any CPU.Build.0 = Release|Any CPU
		{9CB0A496-0700-44BF-A3DB-BECB5C8FAF16}.Release|Mixed Platforms.ActiveCfg = Release|Any CPU
		{9CB0A496-0700-44BF-A3DB-BECB5C8FAF16}.Release|Mixed Platforms.Build.0 = Release|Any CPU
		{9CB0A496-0700-44BF-A3DB-BECB5C8FAF16}.Release|x86.ActiveCfg = Release|Any CPU
		{B48FF46E-F57D-4299-8D6B-DD76EBD3C01F}.Debug|Any CPU.ActiveCfg = Debug|Any CPU
		{B48FF46E-F57D-4299-8D6B-DD76EBD3C01F}.Debug|Any CPU.Build.0 = Debug|Any CPU
		{B48FF46E-F57D-4299-8D6B-DD76EBD3C01F}.Debug|Mixed Platforms.ActiveCfg = Debug|Any CPU
		{B48FF46E-F57D-4299-8D6B-DD76EBD3C01F}.Debug|Mixed Platforms.Build.0 = Debug|Any CPU
		{B48FF46E-F57D-4299-8D6B-DD76EBD3C01F}.Debug|x86.ActiveCfg = Debug|Any CPU
		{B48FF46E-F57D-4299-8D6B-DD76EBD3C01F}.Release|Any CPU.ActiveCfg = Release|Any CPU
		{B48FF46E-F57D-4299-8D6B-DD76EBD3C01F}.Release|Any CPU.Build.0 = Release|Any CPU
		{B48FF46E-F57D-4299-8D6B-DD76EBD3C01F}.Release|Mixed Platforms.ActiveCfg = Release|Any CPU
		{B48FF46E-F57D-4299-8D6B-DD76EBD3C01F}.Release|Mixed Platforms.Build.0 = Release|Any CPU
		{B48FF46E-F57D-4299-8D6B-DD76EBD3C01F}.Release|x86.ActiveCfg = Release|Any CPU
		{B95D013E-8176-4FD7-9450-C22E72D559E0}.Debug|Any CPU.ActiveCfg = Debug|Any CPU
		{B95D013E-8176-4FD7-9450-C22E72D559E0}.Debug|Any CPU.Build.0 = Debug|Any CPU
		{B95D013E-8176-4FD7-9450-C22E72D559E0}.Debug|Mixed Platforms.ActiveCfg = Debug|Any CPU
		{B95D013E-8176-4FD7-9450-C22E72D559E0}.Debug|Mixed Platforms.Build.0 = Debug|Any CPU
		{B95D013E-8176-4FD7-9450-C22E72D559E0}.Debug|x86.ActiveCfg = Debug|Any CPU
		{B95D013E-8176-4FD7-9450-C22E72D559E0}.Release|Any CPU.ActiveCfg = Release|Any CPU
		{B95D013E-8176-4FD7-9450-C22E72D559E0}.Release|Any CPU.Build.0 = Release|Any CPU
		{B95D013E-8176-4FD7-9450-C22E72D559E0}.Release|Mixed Platforms.ActiveCfg = Release|Any CPU
		{B95D013E-8176-4FD7-9450-C22E72D559E0}.Release|Mixed Platforms.Build.0 = Release|Any CPU
		{B95D013E-8176-4FD7-9450-C22E72D559E0}.Release|x86.ActiveCfg = Release|Any CPU
		{2260B1BC-C19D-4F8E-AD23-2D86A5AB3A8E}.Debug|Any CPU.ActiveCfg = Debug|Any CPU
		{2260B1BC-C19D-4F8E-AD23-2D86A5AB3A8E}.Debug|Any CPU.Build.0 = Debug|Any CPU
		{2260B1BC-C19D-4F8E-AD23-2D86A5AB3A8E}.Debug|Mixed Platforms.ActiveCfg = Debug|Any CPU
		{2260B1BC-C19D-4F8E-AD23-2D86A5AB3A8E}.Debug|Mixed Platforms.Build.0 = Debug|Any CPU
		{2260B1BC-C19D-4F8E-AD23-2D86A5AB3A8E}.Debug|x86.ActiveCfg = Debug|Any CPU
		{2260B1BC-C19D-4F8E-AD23-2D86A5AB3A8E}.Release|Any CPU.ActiveCfg = Release|Any CPU
		{2260B1BC-C19D-4F8E-AD23-2D86A5AB3A8E}.Release|Any CPU.Build.0 = Release|Any CPU
		{2260B1BC-C19D-4F8E-AD23-2D86A5AB3A8E}.Release|Mixed Platforms.ActiveCfg = Release|Any CPU
		{2260B1BC-C19D-4F8E-AD23-2D86A5AB3A8E}.Release|Mixed Platforms.Build.0 = Release|Any CPU
		{2260B1BC-C19D-4F8E-AD23-2D86A5AB3A8E}.Release|x86.ActiveCfg = Release|Any CPU
		{2F524C0E-7AE2-4C6F-AD8B-4F8344F4C286}.Debug|Any CPU.ActiveCfg = Debug|Any CPU
		{2F524C0E-7AE2-4C6F-AD8B-4F8344F4C286}.Debug|Any CPU.Build.0 = Debug|Any CPU
		{2F524C0E-7AE2-4C6F-AD8B-4F8344F4C286}.Debug|Mixed Platforms.ActiveCfg = Debug|Any CPU
		{2F524C0E-7AE2-4C6F-AD8B-4F8344F4C286}.Debug|Mixed Platforms.Build.0 = Debug|Any CPU
		{2F524C0E-7AE2-4C6F-AD8B-4F8344F4C286}.Debug|x86.ActiveCfg = Debug|Any CPU
		{2F524C0E-7AE2-4C6F-AD8B-4F8344F4C286}.Release|Any CPU.ActiveCfg = Release|Any CPU
		{2F524C0E-7AE2-4C6F-AD8B-4F8344F4C286}.Release|Any CPU.Build.0 = Release|Any CPU
		{2F524C0E-7AE2-4C6F-AD8B-4F8344F4C286}.Release|Mixed Platforms.ActiveCfg = Release|Any CPU
		{2F524C0E-7AE2-4C6F-AD8B-4F8344F4C286}.Release|Mixed Platforms.Build.0 = Release|Any CPU
		{2F524C0E-7AE2-4C6F-AD8B-4F8344F4C286}.Release|x86.ActiveCfg = Release|Any CPU
		{84C8358A-4A00-4288-9C54-EF9F818DB8DD}.Debug|Any CPU.ActiveCfg = Debug|Any CPU
		{84C8358A-4A00-4288-9C54-EF9F818DB8DD}.Debug|Any CPU.Build.0 = Debug|Any CPU
		{84C8358A-4A00-4288-9C54-EF9F818DB8DD}.Debug|Mixed Platforms.ActiveCfg = Debug|Any CPU
		{84C8358A-4A00-4288-9C54-EF9F818DB8DD}.Debug|Mixed Platforms.Build.0 = Debug|Any CPU
		{84C8358A-4A00-4288-9C54-EF9F818DB8DD}.Debug|x86.ActiveCfg = Debug|Any CPU
		{84C8358A-4A00-4288-9C54-EF9F818DB8DD}.Release|Any CPU.ActiveCfg = Release|Any CPU
		{84C8358A-4A00-4288-9C54-EF9F818DB8DD}.Release|Any CPU.Build.0 = Release|Any CPU
		{84C8358A-4A00-4288-9C54-EF9F818DB8DD}.Release|Mixed Platforms.ActiveCfg = Release|Any CPU
		{84C8358A-4A00-4288-9C54-EF9F818DB8DD}.Release|Mixed Platforms.Build.0 = Release|Any CPU
		{84C8358A-4A00-4288-9C54-EF9F818DB8DD}.Release|x86.ActiveCfg = Release|Any CPU
		{1D8DA838-1B9B-455B-B0E6-80BE3875A712}.Debug|Any CPU.ActiveCfg = Debug|Any CPU
		{1D8DA838-1B9B-455B-B0E6-80BE3875A712}.Debug|Any CPU.Build.0 = Debug|Any CPU
		{1D8DA838-1B9B-455B-B0E6-80BE3875A712}.Debug|Mixed Platforms.ActiveCfg = Debug|Any CPU
		{1D8DA838-1B9B-455B-B0E6-80BE3875A712}.Debug|Mixed Platforms.Build.0 = Debug|Any CPU
		{1D8DA838-1B9B-455B-B0E6-80BE3875A712}.Debug|x86.ActiveCfg = Debug|Any CPU
		{1D8DA838-1B9B-455B-B0E6-80BE3875A712}.Release|Any CPU.ActiveCfg = Release|Any CPU
		{1D8DA838-1B9B-455B-B0E6-80BE3875A712}.Release|Any CPU.Build.0 = Release|Any CPU
		{1D8DA838-1B9B-455B-B0E6-80BE3875A712}.Release|Mixed Platforms.ActiveCfg = Release|Any CPU
		{1D8DA838-1B9B-455B-B0E6-80BE3875A712}.Release|Mixed Platforms.Build.0 = Release|Any CPU
		{1D8DA838-1B9B-455B-B0E6-80BE3875A712}.Release|x86.ActiveCfg = Release|Any CPU
		{99C908E9-40DB-4CF5-8179-0DB090DA21A1}.Debug|Any CPU.ActiveCfg = Debug|Any CPU
		{99C908E9-40DB-4CF5-8179-0DB090DA21A1}.Debug|Any CPU.Build.0 = Debug|Any CPU
		{99C908E9-40DB-4CF5-8179-0DB090DA21A1}.Debug|Mixed Platforms.ActiveCfg = Debug|Any CPU
		{99C908E9-40DB-4CF5-8179-0DB090DA21A1}.Debug|Mixed Platforms.Build.0 = Debug|Any CPU
		{99C908E9-40DB-4CF5-8179-0DB090DA21A1}.Debug|x86.ActiveCfg = Debug|Any CPU
		{99C908E9-40DB-4CF5-8179-0DB090DA21A1}.Release|Any CPU.ActiveCfg = Release|Any CPU
		{99C908E9-40DB-4CF5-8179-0DB090DA21A1}.Release|Any CPU.Build.0 = Release|Any CPU
		{99C908E9-40DB-4CF5-8179-0DB090DA21A1}.Release|Mixed Platforms.ActiveCfg = Release|Any CPU
		{99C908E9-40DB-4CF5-8179-0DB090DA21A1}.Release|Mixed Platforms.Build.0 = Release|Any CPU
		{99C908E9-40DB-4CF5-8179-0DB090DA21A1}.Release|x86.ActiveCfg = Release|Any CPU
		{3A904880-85BC-4F6E-BE0E-A9413A6A95CC}.Debug|Any CPU.ActiveCfg = Debug|Any CPU
		{3A904880-85BC-4F6E-BE0E-A9413A6A95CC}.Debug|Any CPU.Build.0 = Debug|Any CPU
		{3A904880-85BC-4F6E-BE0E-A9413A6A95CC}.Debug|Mixed Platforms.ActiveCfg = Debug|Any CPU
		{3A904880-85BC-4F6E-BE0E-A9413A6A95CC}.Debug|Mixed Platforms.Build.0 = Debug|Any CPU
		{3A904880-85BC-4F6E-BE0E-A9413A6A95CC}.Debug|x86.ActiveCfg = Debug|Any CPU
		{3A904880-85BC-4F6E-BE0E-A9413A6A95CC}.Release|Any CPU.ActiveCfg = Release|Any CPU
		{3A904880-85BC-4F6E-BE0E-A9413A6A95CC}.Release|Any CPU.Build.0 = Release|Any CPU
		{3A904880-85BC-4F6E-BE0E-A9413A6A95CC}.Release|Mixed Platforms.ActiveCfg = Release|Any CPU
		{3A904880-85BC-4F6E-BE0E-A9413A6A95CC}.Release|Mixed Platforms.Build.0 = Release|Any CPU
		{3A904880-85BC-4F6E-BE0E-A9413A6A95CC}.Release|x86.ActiveCfg = Release|Any CPU
		{A8EEAC10-F17F-401E-B82D-C2495C6EB6B7}.Debug|Any CPU.ActiveCfg = Debug|Any CPU
		{A8EEAC10-F17F-401E-B82D-C2495C6EB6B7}.Debug|Any CPU.Build.0 = Debug|Any CPU
		{A8EEAC10-F17F-401E-B82D-C2495C6EB6B7}.Debug|Mixed Platforms.ActiveCfg = Debug|Any CPU
		{A8EEAC10-F17F-401E-B82D-C2495C6EB6B7}.Debug|Mixed Platforms.Build.0 = Debug|Any CPU
		{A8EEAC10-F17F-401E-B82D-C2495C6EB6B7}.Debug|x86.ActiveCfg = Debug|Any CPU
		{A8EEAC10-F17F-401E-B82D-C2495C6EB6B7}.Release|Any CPU.ActiveCfg = Release|Any CPU
		{A8EEAC10-F17F-401E-B82D-C2495C6EB6B7}.Release|Any CPU.Build.0 = Release|Any CPU
		{A8EEAC10-F17F-401E-B82D-C2495C6EB6B7}.Release|Mixed Platforms.ActiveCfg = Release|Any CPU
		{A8EEAC10-F17F-401E-B82D-C2495C6EB6B7}.Release|Mixed Platforms.Build.0 = Release|Any CPU
		{A8EEAC10-F17F-401E-B82D-C2495C6EB6B7}.Release|x86.ActiveCfg = Release|Any CPU
		{B91990F8-1767-4EC5-8409-F11E78FAC8A0}.Debug|Any CPU.ActiveCfg = Debug|Any CPU
		{B91990F8-1767-4EC5-8409-F11E78FAC8A0}.Debug|Any CPU.Build.0 = Debug|Any CPU
		{B91990F8-1767-4EC5-8409-F11E78FAC8A0}.Debug|Mixed Platforms.ActiveCfg = Debug|Any CPU
		{B91990F8-1767-4EC5-8409-F11E78FAC8A0}.Debug|Mixed Platforms.Build.0 = Debug|Any CPU
		{B91990F8-1767-4EC5-8409-F11E78FAC8A0}.Debug|x86.ActiveCfg = Debug|Any CPU
		{B91990F8-1767-4EC5-8409-F11E78FAC8A0}.Release|Any CPU.ActiveCfg = Release|Any CPU
		{B91990F8-1767-4EC5-8409-F11E78FAC8A0}.Release|Any CPU.Build.0 = Release|Any CPU
		{B91990F8-1767-4EC5-8409-F11E78FAC8A0}.Release|Mixed Platforms.ActiveCfg = Release|Any CPU
		{B91990F8-1767-4EC5-8409-F11E78FAC8A0}.Release|Mixed Platforms.Build.0 = Release|Any CPU
		{B91990F8-1767-4EC5-8409-F11E78FAC8A0}.Release|x86.ActiveCfg = Release|Any CPU
		{D800873E-7208-499B-8F1F-C8E66DB6FCEB}.Debug|Any CPU.ActiveCfg = Debug|Any CPU
		{D800873E-7208-499B-8F1F-C8E66DB6FCEB}.Debug|Any CPU.Build.0 = Debug|Any CPU
		{D800873E-7208-499B-8F1F-C8E66DB6FCEB}.Debug|Mixed Platforms.ActiveCfg = Debug|Any CPU
		{D800873E-7208-499B-8F1F-C8E66DB6FCEB}.Debug|Mixed Platforms.Build.0 = Debug|Any CPU
		{D800873E-7208-499B-8F1F-C8E66DB6FCEB}.Debug|x86.ActiveCfg = Debug|Any CPU
		{D800873E-7208-499B-8F1F-C8E66DB6FCEB}.Release|Any CPU.ActiveCfg = Release|Any CPU
		{D800873E-7208-499B-8F1F-C8E66DB6FCEB}.Release|Any CPU.Build.0 = Release|Any CPU
		{D800873E-7208-499B-8F1F-C8E66DB6FCEB}.Release|Mixed Platforms.ActiveCfg = Release|Any CPU
		{D800873E-7208-499B-8F1F-C8E66DB6FCEB}.Release|Mixed Platforms.Build.0 = Release|Any CPU
		{D800873E-7208-499B-8F1F-C8E66DB6FCEB}.Release|x86.ActiveCfg = Release|Any CPU
		{127BFF99-FA6F-4782-AF55-0DD10006EA79}.Debug|Any CPU.ActiveCfg = Debug|Any CPU
		{127BFF99-FA6F-4782-AF55-0DD10006EA79}.Debug|Any CPU.Build.0 = Debug|Any CPU
		{127BFF99-FA6F-4782-AF55-0DD10006EA79}.Debug|Mixed Platforms.ActiveCfg = Debug|Any CPU
		{127BFF99-FA6F-4782-AF55-0DD10006EA79}.Debug|Mixed Platforms.Build.0 = Debug|Any CPU
		{127BFF99-FA6F-4782-AF55-0DD10006EA79}.Debug|x86.ActiveCfg = Debug|Any CPU
		{127BFF99-FA6F-4782-AF55-0DD10006EA79}.Release|Any CPU.ActiveCfg = Release|Any CPU
		{127BFF99-FA6F-4782-AF55-0DD10006EA79}.Release|Any CPU.Build.0 = Release|Any CPU
		{127BFF99-FA6F-4782-AF55-0DD10006EA79}.Release|Mixed Platforms.ActiveCfg = Release|Any CPU
		{127BFF99-FA6F-4782-AF55-0DD10006EA79}.Release|Mixed Platforms.Build.0 = Release|Any CPU
		{127BFF99-FA6F-4782-AF55-0DD10006EA79}.Release|x86.ActiveCfg = Release|Any CPU
		{1609B1D9-C4C6-4D26-A90A-7DF63C135968}.Debug|Any CPU.ActiveCfg = Debug|Any CPU
		{1609B1D9-C4C6-4D26-A90A-7DF63C135968}.Debug|Any CPU.Build.0 = Debug|Any CPU
		{1609B1D9-C4C6-4D26-A90A-7DF63C135968}.Debug|Mixed Platforms.ActiveCfg = Debug|Any CPU
		{1609B1D9-C4C6-4D26-A90A-7DF63C135968}.Debug|Mixed Platforms.Build.0 = Debug|Any CPU
		{1609B1D9-C4C6-4D26-A90A-7DF63C135968}.Debug|x86.ActiveCfg = Debug|Any CPU
		{1609B1D9-C4C6-4D26-A90A-7DF63C135968}.Release|Any CPU.ActiveCfg = Release|Any CPU
		{1609B1D9-C4C6-4D26-A90A-7DF63C135968}.Release|Any CPU.Build.0 = Release|Any CPU
		{1609B1D9-C4C6-4D26-A90A-7DF63C135968}.Release|Mixed Platforms.ActiveCfg = Release|Any CPU
		{1609B1D9-C4C6-4D26-A90A-7DF63C135968}.Release|Mixed Platforms.Build.0 = Release|Any CPU
		{1609B1D9-C4C6-4D26-A90A-7DF63C135968}.Release|x86.ActiveCfg = Release|Any CPU
		{CEA1E630-484B-4B2A-8578-1874BD559CC1}.Debug|Any CPU.ActiveCfg = Debug|Any CPU
		{CEA1E630-484B-4B2A-8578-1874BD559CC1}.Debug|Any CPU.Build.0 = Debug|Any CPU
		{CEA1E630-484B-4B2A-8578-1874BD559CC1}.Debug|Mixed Platforms.ActiveCfg = Debug|Any CPU
		{CEA1E630-484B-4B2A-8578-1874BD559CC1}.Debug|Mixed Platforms.Build.0 = Debug|Any CPU
		{CEA1E630-484B-4B2A-8578-1874BD559CC1}.Debug|x86.ActiveCfg = Debug|Any CPU
		{CEA1E630-484B-4B2A-8578-1874BD559CC1}.Release|Any CPU.ActiveCfg = Release|Any CPU
		{CEA1E630-484B-4B2A-8578-1874BD559CC1}.Release|Any CPU.Build.0 = Release|Any CPU
		{CEA1E630-484B-4B2A-8578-1874BD559CC1}.Release|Mixed Platforms.ActiveCfg = Release|Any CPU
		{CEA1E630-484B-4B2A-8578-1874BD559CC1}.Release|Mixed Platforms.Build.0 = Release|Any CPU
		{CEA1E630-484B-4B2A-8578-1874BD559CC1}.Release|x86.ActiveCfg = Release|Any CPU
		{520C55BB-6E2C-40E6-8393-1228F88690F3}.Debug|Any CPU.ActiveCfg = Debug|Any CPU
		{520C55BB-6E2C-40E6-8393-1228F88690F3}.Debug|Any CPU.Build.0 = Debug|Any CPU
		{520C55BB-6E2C-40E6-8393-1228F88690F3}.Debug|Mixed Platforms.ActiveCfg = Debug|Any CPU
		{520C55BB-6E2C-40E6-8393-1228F88690F3}.Debug|Mixed Platforms.Build.0 = Debug|Any CPU
		{520C55BB-6E2C-40E6-8393-1228F88690F3}.Debug|x86.ActiveCfg = Debug|Any CPU
		{520C55BB-6E2C-40E6-8393-1228F88690F3}.Release|Any CPU.ActiveCfg = Release|Any CPU
		{520C55BB-6E2C-40E6-8393-1228F88690F3}.Release|Any CPU.Build.0 = Release|Any CPU
		{520C55BB-6E2C-40E6-8393-1228F88690F3}.Release|Mixed Platforms.ActiveCfg = Release|Any CPU
		{520C55BB-6E2C-40E6-8393-1228F88690F3}.Release|Mixed Platforms.Build.0 = Release|Any CPU
		{520C55BB-6E2C-40E6-8393-1228F88690F3}.Release|x86.ActiveCfg = Release|Any CPU
	EndGlobalSection
	GlobalSection(SolutionProperties) = preSolution
		HideSolutionNode = FALSE
	EndGlobalSection
EndGlobal
